// !$*UTF8*$!
{
	archiveVersion = 1;
	classes = {
	};
	objectVersion = 46;
	objects = {

/* Begin PBXBuildFile section */
		DE3130D9164014990095B75A /* orange_fabric.png in Resources */ = {isa = PBXBuildFile; fileRef = DE3130D8164014990095B75A /* orange_fabric.png */; };
		DE3130DB164017740095B75A /* Default.png in Resources */ = {isa = PBXBuildFile; fileRef = DE3130DA164017740095B75A /* Default.png */; };
		DE3130DD164017770095B75A /* Default@2x.png in Resources */ = {isa = PBXBuildFile; fileRef = DE3130DC164017770095B75A /* Default@2x.png */; };
		DE3130E0164018760095B75A /* CoreDataCollectionViewController.m in Sources */ = {isa = PBXBuildFile; fileRef = DE3130DF164018760095B75A /* CoreDataCollectionViewController.m */; };
		DE3130E416401E0C0095B75A /* GenericCollectionViewController.m in Sources */ = {isa = PBXBuildFile; fileRef = DE3130E316401E0C0095B75A /* GenericCollectionViewController.m */; };
		DE3130E716401F080095B75A /* GenericCollectionViewCell.m in Sources */ = {isa = PBXBuildFile; fileRef = DE3130E616401F080095B75A /* GenericCollectionViewCell.m */; };
		DE3130EA1640207B0095B75A /* PreviousCollectionViewController.m in Sources */ = {isa = PBXBuildFile; fileRef = DE3130E91640207B0095B75A /* PreviousCollectionViewController.m */; };
		DE3130EC1640C0B80095B75A /* delete.png in Resources */ = {isa = PBXBuildFile; fileRef = DE3130EB1640C0B80095B75A /* delete.png */; };
		DE3130EF1640D29C0095B75A /* StylePickerCollectionViewController.m in Sources */ = {isa = PBXBuildFile; fileRef = DE3130EE1640D29C0095B75A /* StylePickerCollectionViewController.m */; };
		DE49C98A164FBD7800C25929 /* AssetsLibrary.framework in Frameworks */ = {isa = PBXBuildFile; fileRef = DE49C989164FBD7800C25929 /* AssetsLibrary.framework */; };
		DE49C98D164FBF0E00C25929 /* StampedImage.m in Sources */ = {isa = PBXBuildFile; fileRef = DE49C98C164FBF0E00C25929 /* StampedImage.m */; };
		DE5023D4162E709C00F3E506 /* CoreDataTableViewController.m in Sources */ = {isa = PBXBuildFile; fileRef = DE5023D3162E709C00F3E506 /* CoreDataTableViewController.m */; };
		DE5023D6162E70B700F3E506 /* license.txt in Resources */ = {isa = PBXBuildFile; fileRef = DE5023D5162E70B700F3E506 /* license.txt */; };
		DE5023D9162E70CC00F3E506 /* BrightnessWheel.png in Resources */ = {isa = PBXBuildFile; fileRef = DE5023D7162E70CC00F3E506 /* BrightnessWheel.png */; };
		DE5023DA162E70CC00F3E506 /* ColorWheel.png in Resources */ = {isa = PBXBuildFile; fileRef = DE5023D8162E70CC00F3E506 /* ColorWheel.png */; };
		DE5023E0162E70E800F3E506 /* launch_button_highlight.png in Resources */ = {isa = PBXBuildFile; fileRef = DE5023DB162E70E800F3E506 /* launch_button_highlight.png */; };
		DE5023E7162E7C5900F3E506 /* GenericPictureTableViewController.m in Sources */ = {isa = PBXBuildFile; fileRef = DE5023E6162E7C5900F3E506 /* GenericPictureTableViewController.m */; };
		DE5023EB162E839100F3E506 /* FontPickerTableViewController.m in Sources */ = {isa = PBXBuildFile; fileRef = DE5023EA162E839100F3E506 /* FontPickerTableViewController.m */; };
		DE6E062E163681D700616ADA /* InverseableView.m in Sources */ = {isa = PBXBuildFile; fileRef = DE6E062D163681D700616ADA /* InverseableView.m */; };
		DEA33C72162A938800DBFB35 /* QuartzCore.framework in Frameworks */ = {isa = PBXBuildFile; fileRef = DEA33C71162A938800DBFB35 /* QuartzCore.framework */; };
		DEA33C77162B926600DBFB35 /* TextMyPhoto.xcdatamodeld in Sources */ = {isa = PBXBuildFile; fileRef = DEA33C75162B926600DBFB35 /* TextMyPhoto.xcdatamodeld */; };
		DEA33C7C162B92B400DBFB35 /* EditViewController.m in Sources */ = {isa = PBXBuildFile; fileRef = DEA33C79162B92B300DBFB35 /* EditViewController.m */; };
		DEA33C8C162B92E600DBFB35 /* MNBrightnessView.m in Sources */ = {isa = PBXBuildFile; fileRef = DEA33C7F162B92E600DBFB35 /* MNBrightnessView.m */; };
		DEA33C8D162B92E600DBFB35 /* MNColorPicker.m in Sources */ = {isa = PBXBuildFile; fileRef = DEA33C81162B92E600DBFB35 /* MNColorPicker.m */; };
		DEA33C8E162B92E600DBFB35 /* MNColorView.m in Sources */ = {isa = PBXBuildFile; fileRef = DEA33C83162B92E600DBFB35 /* MNColorView.m */; };
		DEA33C8F162B92E600DBFB35 /* MNColorWheelView.m in Sources */ = {isa = PBXBuildFile; fileRef = DEA33C85162B92E600DBFB35 /* MNColorWheelView.m */; };
		DEA33C90162B92E600DBFB35 /* MNMagnifyingView.m in Sources */ = {isa = PBXBuildFile; fileRef = DEA33C87162B92E600DBFB35 /* MNMagnifyingView.m */; };
		DEA33C91162B92E600DBFB35 /* MNMobileFunctions.m in Sources */ = {isa = PBXBuildFile; fileRef = DEA33C89162B92E600DBFB35 /* MNMobileFunctions.m */; };
		DEA33C92162B92E600DBFB35 /* UIColor+ColorSpaces.m in Sources */ = {isa = PBXBuildFile; fileRef = DEA33C8B162B92E600DBFB35 /* UIColor+ColorSpaces.m */; };
		DEA33C94162B93EC00DBFB35 /* CoreData.framework in Frameworks */ = {isa = PBXBuildFile; fileRef = DEA33C93162B93EC00DBFB35 /* CoreData.framework */; };
		DEA33CA4162B9EE900DBFB35 /* StampedImage+Create.m in Sources */ = {isa = PBXBuildFile; fileRef = DEA33CA3162B9EE900DBFB35 /* StampedImage+Create.m */; };
		DEA991E116295AF000F0F07E /* UIImage+Utilities.m in Sources */ = {isa = PBXBuildFile; fileRef = DEA991E016295AF000F0F07E /* UIImage+Utilities.m */; };
		DED06307161EBCB000FD976D /* LaunchMenuViewController.m in Sources */ = {isa = PBXBuildFile; fileRef = DED06306161EBCB000FD976D /* LaunchMenuViewController.m */; };
		DEED1B9315EFA2A6004E33F3 /* UIKit.framework in Frameworks */ = {isa = PBXBuildFile; fileRef = DEED1B9215EFA2A6004E33F3 /* UIKit.framework */; };
		DEED1B9515EFA2A6004E33F3 /* Foundation.framework in Frameworks */ = {isa = PBXBuildFile; fileRef = DEED1B9415EFA2A6004E33F3 /* Foundation.framework */; };
		DEED1B9715EFA2A6004E33F3 /* CoreGraphics.framework in Frameworks */ = {isa = PBXBuildFile; fileRef = DEED1B9615EFA2A6004E33F3 /* CoreGraphics.framework */; };
		DEED1B9D15EFA2A6004E33F3 /* InfoPlist.strings in Resources */ = {isa = PBXBuildFile; fileRef = DEED1B9B15EFA2A6004E33F3 /* InfoPlist.strings */; };
		DEED1B9F15EFA2A6004E33F3 /* main.m in Sources */ = {isa = PBXBuildFile; fileRef = DEED1B9E15EFA2A6004E33F3 /* main.m */; };
		DEED1BA315EFA2A6004E33F3 /* AppDelegate.m in Sources */ = {isa = PBXBuildFile; fileRef = DEED1BA215EFA2A6004E33F3 /* AppDelegate.m */; };
		DEED1BA615EFA2A6004E33F3 /* MainStoryboard_iPhone.storyboard in Resources */ = {isa = PBXBuildFile; fileRef = DEED1BA415EFA2A6004E33F3 /* MainStoryboard_iPhone.storyboard */; };
		DEED1BA915EFA2A6004E33F3 /* MainStoryboard_iPad.storyboard in Resources */ = {isa = PBXBuildFile; fileRef = DEED1BA715EFA2A6004E33F3 /* MainStoryboard_iPad.storyboard */; };
		DEF61DF6161F415200582C33 /* MyNavigationControllerViewController.m in Sources */ = {isa = PBXBuildFile; fileRef = DEF61DF5161F415200582C33 /* MyNavigationControllerViewController.m */; };
		DEF9B0F91634E97F006EBD7F /* CustomLabel.m in Sources */ = {isa = PBXBuildFile; fileRef = DEF9B0F81634E97F006EBD7F /* CustomLabel.m */; };
		DEF9B1071635AB61006EBD7F /* Label.m in Sources */ = {isa = PBXBuildFile; fileRef = DEF9B1061635AB61006EBD7F /* Label.m */; };
		DEFB03791627EC7A00DD1D85 /* PreviousTableViewController.m in Sources */ = {isa = PBXBuildFile; fileRef = DEFB03781627EC7A00DD1D85 /* PreviousTableViewController.m */; };
		DEFB037C1627FF4800DD1D85 /* GenericTableViewCell.m in Sources */ = {isa = PBXBuildFile; fileRef = DEFB037B1627FF4800DD1D85 /* GenericTableViewCell.m */; };
/* End PBXBuildFile section */

/* Begin PBXFileReference section */
		DE3130D8164014990095B75A /* orange_fabric.png */ = {isa = PBXFileReference; lastKnownFileType = image.png; name = orange_fabric.png; path = TextMyPhoto/Resources/orange_fabric.png; sourceTree = "<group>"; };
		DE3130DA164017740095B75A /* Default.png */ = {isa = PBXFileReference; lastKnownFileType = image.png; path = Default.png; sourceTree = "<group>"; };
		DE3130DC164017770095B75A /* Default@2x.png */ = {isa = PBXFileReference; lastKnownFileType = image.png; path = "Default@2x.png"; sourceTree = "<group>"; };
		DE3130DE164018760095B75A /* CoreDataCollectionViewController.h */ = {isa = PBXFileReference; fileEncoding = 4; lastKnownFileType = sourcecode.c.h; name = CoreDataCollectionViewController.h; path = TextMyPhoto/CoreDataCollectionViewController.h; sourceTree = "<group>"; };
		DE3130DF164018760095B75A /* CoreDataCollectionViewController.m */ = {isa = PBXFileReference; fileEncoding = 4; lastKnownFileType = sourcecode.c.objc; name = CoreDataCollectionViewController.m; path = TextMyPhoto/CoreDataCollectionViewController.m; sourceTree = "<group>"; };
		DE3130E216401E0C0095B75A /* GenericCollectionViewController.h */ = {isa = PBXFileReference; fileEncoding = 4; lastKnownFileType = sourcecode.c.h; name = GenericCollectionViewController.h; path = TextMyPhoto/GenericCollectionViewController.h; sourceTree = "<group>"; };
		DE3130E316401E0C0095B75A /* GenericCollectionViewController.m */ = {isa = PBXFileReference; fileEncoding = 4; lastKnownFileType = sourcecode.c.objc; name = GenericCollectionViewController.m; path = TextMyPhoto/GenericCollectionViewController.m; sourceTree = "<group>"; };
		DE3130E516401F080095B75A /* GenericCollectionViewCell.h */ = {isa = PBXFileReference; fileEncoding = 4; lastKnownFileType = sourcecode.c.h; name = GenericCollectionViewCell.h; path = TextMyPhoto/GenericCollectionViewCell.h; sourceTree = "<group>"; };
		DE3130E616401F080095B75A /* GenericCollectionViewCell.m */ = {isa = PBXFileReference; fileEncoding = 4; lastKnownFileType = sourcecode.c.objc; name = GenericCollectionViewCell.m; path = TextMyPhoto/GenericCollectionViewCell.m; sourceTree = "<group>"; };
		DE3130E81640207B0095B75A /* PreviousCollectionViewController.h */ = {isa = PBXFileReference; fileEncoding = 4; lastKnownFileType = sourcecode.c.h; name = PreviousCollectionViewController.h; path = TextMyPhoto/PreviousCollectionViewController.h; sourceTree = "<group>"; };
		DE3130E91640207B0095B75A /* PreviousCollectionViewController.m */ = {isa = PBXFileReference; fileEncoding = 4; lastKnownFileType = sourcecode.c.objc; name = PreviousCollectionViewController.m; path = TextMyPhoto/PreviousCollectionViewController.m; sourceTree = "<group>"; };
		DE3130EB1640C0B80095B75A /* delete.png */ = {isa = PBXFileReference; lastKnownFileType = image.png; name = delete.png; path = TextMyPhoto/Resources/delete.png; sourceTree = "<group>"; };
		DE3130ED1640D29C0095B75A /* StylePickerCollectionViewController.h */ = {isa = PBXFileReference; fileEncoding = 4; lastKnownFileType = sourcecode.c.h; name = StylePickerCollectionViewController.h; path = TextMyPhoto/StylePickerCollectionViewController.h; sourceTree = "<group>"; };
		DE3130EE1640D29C0095B75A /* StylePickerCollectionViewController.m */ = {isa = PBXFileReference; fileEncoding = 4; lastKnownFileType = sourcecode.c.objc; name = StylePickerCollectionViewController.m; path = TextMyPhoto/StylePickerCollectionViewController.m; sourceTree = "<group>"; };
		DE49C989164FBD7800C25929 /* AssetsLibrary.framework */ = {isa = PBXFileReference; lastKnownFileType = wrapper.framework; name = AssetsLibrary.framework; path = System/Library/Frameworks/AssetsLibrary.framework; sourceTree = SDKROOT; };
		DE49C98B164FBF0E00C25929 /* StampedImage.h */ = {isa = PBXFileReference; fileEncoding = 4; lastKnownFileType = sourcecode.c.h; name = StampedImage.h; path = TextMyPhoto/StampedImage.h; sourceTree = "<group>"; };
		DE49C98C164FBF0E00C25929 /* StampedImage.m */ = {isa = PBXFileReference; fileEncoding = 4; lastKnownFileType = sourcecode.c.objc; name = StampedImage.m; path = TextMyPhoto/StampedImage.m; sourceTree = "<group>"; };
		DE5023D2162E709C00F3E506 /* CoreDataTableViewController.h */ = {isa = PBXFileReference; fileEncoding = 4; lastKnownFileType = sourcecode.c.h; name = CoreDataTableViewController.h; path = TextMyPhoto/CoreDataTableViewController.h; sourceTree = "<group>"; };
		DE5023D3162E709C00F3E506 /* CoreDataTableViewController.m */ = {isa = PBXFileReference; fileEncoding = 4; lastKnownFileType = sourcecode.c.objc; name = CoreDataTableViewController.m; path = TextMyPhoto/CoreDataTableViewController.m; sourceTree = "<group>"; };
		DE5023D5162E70B700F3E506 /* license.txt */ = {isa = PBXFileReference; fileEncoding = 4; lastKnownFileType = text; name = license.txt; path = TextMyPhoto/license.txt; sourceTree = "<group>"; };
		DE5023D7162E70CC00F3E506 /* BrightnessWheel.png */ = {isa = PBXFileReference; lastKnownFileType = image.png; name = BrightnessWheel.png; path = TextMyPhoto/Resources/BrightnessWheel.png; sourceTree = "<group>"; };
		DE5023D8162E70CC00F3E506 /* ColorWheel.png */ = {isa = PBXFileReference; lastKnownFileType = image.png; name = ColorWheel.png; path = TextMyPhoto/Resources/ColorWheel.png; sourceTree = "<group>"; };
		DE5023DB162E70E800F3E506 /* launch_button_highlight.png */ = {isa = PBXFileReference; lastKnownFileType = image.png; name = launch_button_highlight.png; path = TextMyPhoto/Resources/launch_button_highlight.png; sourceTree = "<group>"; };
		DE5023E5162E7C5800F3E506 /* GenericPictureTableViewController.h */ = {isa = PBXFileReference; fileEncoding = 4; lastKnownFileType = sourcecode.c.h; name = GenericPictureTableViewController.h; path = TextMyPhoto/GenericPictureTableViewController.h; sourceTree = "<group>"; };
		DE5023E6162E7C5900F3E506 /* GenericPictureTableViewController.m */ = {isa = PBXFileReference; fileEncoding = 4; lastKnownFileType = sourcecode.c.objc; name = GenericPictureTableViewController.m; path = TextMyPhoto/GenericPictureTableViewController.m; sourceTree = "<group>"; };
		DE5023E9162E839100F3E506 /* FontPickerTableViewController.h */ = {isa = PBXFileReference; fileEncoding = 4; lastKnownFileType = sourcecode.c.h; name = FontPickerTableViewController.h; path = TextMyPhoto/FontPickerTableViewController.h; sourceTree = "<group>"; };
		DE5023EA162E839100F3E506 /* FontPickerTableViewController.m */ = {isa = PBXFileReference; fileEncoding = 4; lastKnownFileType = sourcecode.c.objc; name = FontPickerTableViewController.m; path = TextMyPhoto/FontPickerTableViewController.m; sourceTree = "<group>"; };
		DE6E062C163681D700616ADA /* InverseableView.h */ = {isa = PBXFileReference; fileEncoding = 4; lastKnownFileType = sourcecode.c.h; path = InverseableView.h; sourceTree = "<group>"; };
		DE6E062D163681D700616ADA /* InverseableView.m */ = {isa = PBXFileReference; fileEncoding = 4; lastKnownFileType = sourcecode.c.objc; path = InverseableView.m; sourceTree = "<group>"; };
		DEA33C71162A938800DBFB35 /* QuartzCore.framework */ = {isa = PBXFileReference; lastKnownFileType = wrapper.framework; name = QuartzCore.framework; path = System/Library/Frameworks/QuartzCore.framework; sourceTree = SDKROOT; };
		DEA33C76162B926600DBFB35 /* TextMyPhoto.xcdatamodel */ = {isa = PBXFileReference; lastKnownFileType = wrapper.xcdatamodel; path = TextMyPhoto.xcdatamodel; sourceTree = "<group>"; };
		DEA33C78162B92B300DBFB35 /* EditViewController.h */ = {isa = PBXFileReference; fileEncoding = 4; lastKnownFileType = sourcecode.c.h; path = EditViewController.h; sourceTree = "<group>"; };
		DEA33C79162B92B300DBFB35 /* EditViewController.m */ = {isa = PBXFileReference; fileEncoding = 4; lastKnownFileType = sourcecode.c.objc; path = EditViewController.m; sourceTree = "<group>"; };
		DEA33C7E162B92E600DBFB35 /* MNBrightnessView.h */ = {isa = PBXFileReference; fileEncoding = 4; lastKnownFileType = sourcecode.c.h; name = MNBrightnessView.h; path = TextMyPhoto/MNBrightnessView.h; sourceTree = "<group>"; };
		DEA33C7F162B92E600DBFB35 /* MNBrightnessView.m */ = {isa = PBXFileReference; fileEncoding = 4; lastKnownFileType = sourcecode.c.objc; name = MNBrightnessView.m; path = TextMyPhoto/MNBrightnessView.m; sourceTree = "<group>"; };
		DEA33C80162B92E600DBFB35 /* MNColorPicker.h */ = {isa = PBXFileReference; fileEncoding = 4; lastKnownFileType = sourcecode.c.h; name = MNColorPicker.h; path = TextMyPhoto/MNColorPicker.h; sourceTree = "<group>"; };
		DEA33C81162B92E600DBFB35 /* MNColorPicker.m */ = {isa = PBXFileReference; fileEncoding = 4; lastKnownFileType = sourcecode.c.objc; name = MNColorPicker.m; path = TextMyPhoto/MNColorPicker.m; sourceTree = "<group>"; };
		DEA33C82162B92E600DBFB35 /* MNColorView.h */ = {isa = PBXFileReference; fileEncoding = 4; lastKnownFileType = sourcecode.c.h; name = MNColorView.h; path = TextMyPhoto/MNColorView.h; sourceTree = "<group>"; };
		DEA33C83162B92E600DBFB35 /* MNColorView.m */ = {isa = PBXFileReference; fileEncoding = 4; lastKnownFileType = sourcecode.c.objc; name = MNColorView.m; path = TextMyPhoto/MNColorView.m; sourceTree = "<group>"; };
		DEA33C84162B92E600DBFB35 /* MNColorWheelView.h */ = {isa = PBXFileReference; fileEncoding = 4; lastKnownFileType = sourcecode.c.h; name = MNColorWheelView.h; path = TextMyPhoto/MNColorWheelView.h; sourceTree = "<group>"; };
		DEA33C85162B92E600DBFB35 /* MNColorWheelView.m */ = {isa = PBXFileReference; fileEncoding = 4; lastKnownFileType = sourcecode.c.objc; name = MNColorWheelView.m; path = TextMyPhoto/MNColorWheelView.m; sourceTree = "<group>"; };
		DEA33C86162B92E600DBFB35 /* MNMagnifyingView.h */ = {isa = PBXFileReference; fileEncoding = 4; lastKnownFileType = sourcecode.c.h; name = MNMagnifyingView.h; path = TextMyPhoto/MNMagnifyingView.h; sourceTree = "<group>"; };
		DEA33C87162B92E600DBFB35 /* MNMagnifyingView.m */ = {isa = PBXFileReference; fileEncoding = 4; lastKnownFileType = sourcecode.c.objc; name = MNMagnifyingView.m; path = TextMyPhoto/MNMagnifyingView.m; sourceTree = "<group>"; };
		DEA33C88162B92E600DBFB35 /* MNMobileFunctions.h */ = {isa = PBXFileReference; fileEncoding = 4; lastKnownFileType = sourcecode.c.h; name = MNMobileFunctions.h; path = TextMyPhoto/MNMobileFunctions.h; sourceTree = "<group>"; };
		DEA33C89162B92E600DBFB35 /* MNMobileFunctions.m */ = {isa = PBXFileReference; fileEncoding = 4; lastKnownFileType = sourcecode.c.objc; name = MNMobileFunctions.m; path = TextMyPhoto/MNMobileFunctions.m; sourceTree = "<group>"; };
		DEA33C8A162B92E600DBFB35 /* UIColor+ColorSpaces.h */ = {isa = PBXFileReference; fileEncoding = 4; lastKnownFileType = sourcecode.c.h; name = "UIColor+ColorSpaces.h"; path = "TextMyPhoto/UIColor+ColorSpaces.h"; sourceTree = "<group>"; };
		DEA33C8B162B92E600DBFB35 /* UIColor+ColorSpaces.m */ = {isa = PBXFileReference; fileEncoding = 4; lastKnownFileType = sourcecode.c.objc; name = "UIColor+ColorSpaces.m"; path = "TextMyPhoto/UIColor+ColorSpaces.m"; sourceTree = "<group>"; };
		DEA33C93162B93EC00DBFB35 /* CoreData.framework */ = {isa = PBXFileReference; lastKnownFileType = wrapper.framework; name = CoreData.framework; path = System/Library/Frameworks/CoreData.framework; sourceTree = SDKROOT; };
		DEA33CA2162B9EE900DBFB35 /* StampedImage+Create.h */ = {isa = PBXFileReference; fileEncoding = 4; lastKnownFileType = sourcecode.c.h; name = "StampedImage+Create.h"; path = "TextMyPhoto/StampedImage+Create.h"; sourceTree = "<group>"; };
		DEA33CA3162B9EE900DBFB35 /* StampedImage+Create.m */ = {isa = PBXFileReference; fileEncoding = 4; lastKnownFileType = sourcecode.c.objc; name = "StampedImage+Create.m"; path = "TextMyPhoto/StampedImage+Create.m"; sourceTree = "<group>"; };
		DEA991DF16295AEF00F0F07E /* UIImage+Utilities.h */ = {isa = PBXFileReference; fileEncoding = 4; lastKnownFileType = sourcecode.c.h; path = "UIImage+Utilities.h"; sourceTree = "<group>"; };
		DEA991E016295AF000F0F07E /* UIImage+Utilities.m */ = {isa = PBXFileReference; fileEncoding = 4; lastKnownFileType = sourcecode.c.objc; path = "UIImage+Utilities.m"; sourceTree = "<group>"; };
		DED06305161EBCB000FD976D /* LaunchMenuViewController.h */ = {isa = PBXFileReference; fileEncoding = 4; lastKnownFileType = sourcecode.c.h; path = LaunchMenuViewController.h; sourceTree = "<group>"; };
		DED06306161EBCB000FD976D /* LaunchMenuViewController.m */ = {isa = PBXFileReference; fileEncoding = 4; lastKnownFileType = sourcecode.c.objc; path = LaunchMenuViewController.m; sourceTree = "<group>"; };
		DEED1B8E15EFA2A6004E33F3 /* Caption it!.app */ = {isa = PBXFileReference; explicitFileType = wrapper.application; includeInIndex = 0; path = "Caption it!.app"; sourceTree = BUILT_PRODUCTS_DIR; };
		DEED1B9215EFA2A6004E33F3 /* UIKit.framework */ = {isa = PBXFileReference; lastKnownFileType = wrapper.framework; name = UIKit.framework; path = System/Library/Frameworks/UIKit.framework; sourceTree = SDKROOT; };
		DEED1B9415EFA2A6004E33F3 /* Foundation.framework */ = {isa = PBXFileReference; lastKnownFileType = wrapper.framework; name = Foundation.framework; path = System/Library/Frameworks/Foundation.framework; sourceTree = SDKROOT; };
		DEED1B9615EFA2A6004E33F3 /* CoreGraphics.framework */ = {isa = PBXFileReference; lastKnownFileType = wrapper.framework; name = CoreGraphics.framework; path = System/Library/Frameworks/CoreGraphics.framework; sourceTree = SDKROOT; };
		DEED1B9A15EFA2A6004E33F3 /* Caption it!-Info.plist */ = {isa = PBXFileReference; lastKnownFileType = text.plist.xml; path = "Caption it!-Info.plist"; sourceTree = "<group>"; };
		DEED1B9C15EFA2A6004E33F3 /* en */ = {isa = PBXFileReference; lastKnownFileType = text.plist.strings; name = en; path = en.lproj/InfoPlist.strings; sourceTree = "<group>"; };
		DEED1B9E15EFA2A6004E33F3 /* main.m */ = {isa = PBXFileReference; lastKnownFileType = sourcecode.c.objc; path = main.m; sourceTree = "<group>"; };
		DEED1BA015EFA2A6004E33F3 /* Caption it!-Prefix.pch */ = {isa = PBXFileReference; lastKnownFileType = sourcecode.c.h; path = "Caption it!-Prefix.pch"; sourceTree = "<group>"; };
		DEED1BA115EFA2A6004E33F3 /* AppDelegate.h */ = {isa = PBXFileReference; lastKnownFileType = sourcecode.c.h; path = AppDelegate.h; sourceTree = "<group>"; };
		DEED1BA215EFA2A6004E33F3 /* AppDelegate.m */ = {isa = PBXFileReference; lastKnownFileType = sourcecode.c.objc; path = AppDelegate.m; sourceTree = "<group>"; };
		DEED1BA515EFA2A6004E33F3 /* en */ = {isa = PBXFileReference; lastKnownFileType = file.storyboard; name = en; path = en.lproj/MainStoryboard_iPhone.storyboard; sourceTree = "<group>"; };
		DEED1BA815EFA2A6004E33F3 /* en */ = {isa = PBXFileReference; lastKnownFileType = file.storyboard; name = en; path = en.lproj/MainStoryboard_iPad.storyboard; sourceTree = "<group>"; };
		DEF61DF4161F415200582C33 /* MyNavigationControllerViewController.h */ = {isa = PBXFileReference; fileEncoding = 4; lastKnownFileType = sourcecode.c.h; path = MyNavigationControllerViewController.h; sourceTree = "<group>"; };
		DEF61DF5161F415200582C33 /* MyNavigationControllerViewController.m */ = {isa = PBXFileReference; fileEncoding = 4; lastKnownFileType = sourcecode.c.objc; path = MyNavigationControllerViewController.m; sourceTree = "<group>"; };
		DEF9B0F71634E97F006EBD7F /* CustomLabel.h */ = {isa = PBXFileReference; fileEncoding = 4; lastKnownFileType = sourcecode.c.h; path = CustomLabel.h; sourceTree = "<group>"; };
		DEF9B0F81634E97F006EBD7F /* CustomLabel.m */ = {isa = PBXFileReference; fileEncoding = 4; lastKnownFileType = sourcecode.c.objc; path = CustomLabel.m; sourceTree = "<group>"; };
		DEF9B1051635AB61006EBD7F /* Label.h */ = {isa = PBXFileReference; fileEncoding = 4; lastKnownFileType = sourcecode.c.h; name = Label.h; path = TextMyPhoto/Label.h; sourceTree = "<group>"; };
		DEF9B1061635AB61006EBD7F /* Label.m */ = {isa = PBXFileReference; fileEncoding = 4; lastKnownFileType = sourcecode.c.objc; name = Label.m; path = TextMyPhoto/Label.m; sourceTree = "<group>"; };
		DEFB03771627EC7A00DD1D85 /* PreviousTableViewController.h */ = {isa = PBXFileReference; fileEncoding = 4; lastKnownFileType = sourcecode.c.h; name = PreviousTableViewController.h; path = TextMyPhoto/PreviousTableViewController.h; sourceTree = "<group>"; };
		DEFB03781627EC7A00DD1D85 /* PreviousTableViewController.m */ = {isa = PBXFileReference; fileEncoding = 4; lastKnownFileType = sourcecode.c.objc; name = PreviousTableViewController.m; path = TextMyPhoto/PreviousTableViewController.m; sourceTree = "<group>"; };
		DEFB037A1627FF4800DD1D85 /* GenericTableViewCell.h */ = {isa = PBXFileReference; fileEncoding = 4; lastKnownFileType = sourcecode.c.h; name = GenericTableViewCell.h; path = TextMyPhoto/GenericTableViewCell.h; sourceTree = "<group>"; };
		DEFB037B1627FF4800DD1D85 /* GenericTableViewCell.m */ = {isa = PBXFileReference; fileEncoding = 4; lastKnownFileType = sourcecode.c.objc; name = GenericTableViewCell.m; path = TextMyPhoto/GenericTableViewCell.m; sourceTree = "<group>"; };
/* End PBXFileReference section */

/* Begin PBXFrameworksBuildPhase section */
		DEED1B8B15EFA2A6004E33F3 /* Frameworks */ = {
			isa = PBXFrameworksBuildPhase;
			buildActionMask = 2147483647;
			files = (
				DE49C98A164FBD7800C25929 /* AssetsLibrary.framework in Frameworks */,
				DEA33C94162B93EC00DBFB35 /* CoreData.framework in Frameworks */,
				DEA33C72162A938800DBFB35 /* QuartzCore.framework in Frameworks */,
				DEED1B9315EFA2A6004E33F3 /* UIKit.framework in Frameworks */,
				DEED1B9515EFA2A6004E33F3 /* Foundation.framework in Frameworks */,
				DEED1B9715EFA2A6004E33F3 /* CoreGraphics.framework in Frameworks */,
			);
			runOnlyForDeploymentPostprocessing = 0;
		};
/* End PBXFrameworksBuildPhase section */

/* Begin PBXGroup section */
		DE3130E116401CE60095B75A /* CollectionViewController */ = {
			isa = PBXGroup;
			children = (
				DE3130DE164018760095B75A /* CoreDataCollectionViewController.h */,
				DE3130DF164018760095B75A /* CoreDataCollectionViewController.m */,
				DE3130E216401E0C0095B75A /* GenericCollectionViewController.h */,
				DE3130E316401E0C0095B75A /* GenericCollectionViewController.m */,
				DE3130E516401F080095B75A /* GenericCollectionViewCell.h */,
				DE3130E616401F080095B75A /* GenericCollectionViewCell.m */,
				DE3130E81640207B0095B75A /* PreviousCollectionViewController.h */,
				DE3130E91640207B0095B75A /* PreviousCollectionViewController.m */,
				DE3130ED1640D29C0095B75A /* StylePickerCollectionViewController.h */,
				DE3130EE1640D29C0095B75A /* StylePickerCollectionViewController.m */,
			);
			name = CollectionViewController;
			sourceTree = "<group>";
		};
		DE4D995B1626B5AC00936EBE /* MNColorPicker */ = {
			isa = PBXGroup;
			children = (
				DE5023D7162E70CC00F3E506 /* BrightnessWheel.png */,
				DE5023D8162E70CC00F3E506 /* ColorWheel.png */,
				DE5023D5162E70B700F3E506 /* license.txt */,
				DEA33C7E162B92E600DBFB35 /* MNBrightnessView.h */,
				DEA33C7F162B92E600DBFB35 /* MNBrightnessView.m */,
				DEA33C80162B92E600DBFB35 /* MNColorPicker.h */,
				DEA33C81162B92E600DBFB35 /* MNColorPicker.m */,
				DEA33C82162B92E600DBFB35 /* MNColorView.h */,
				DEA33C83162B92E600DBFB35 /* MNColorView.m */,
				DEA33C84162B92E600DBFB35 /* MNColorWheelView.h */,
				DEA33C85162B92E600DBFB35 /* MNColorWheelView.m */,
				DEA33C86162B92E600DBFB35 /* MNMagnifyingView.h */,
				DEA33C87162B92E600DBFB35 /* MNMagnifyingView.m */,
				DEA33C88162B92E600DBFB35 /* MNMobileFunctions.h */,
				DEA33C89162B92E600DBFB35 /* MNMobileFunctions.m */,
				DEA33C8A162B92E600DBFB35 /* UIColor+ColorSpaces.h */,
				DEA33C8B162B92E600DBFB35 /* UIColor+ColorSpaces.m */,
			);
			name = MNColorPicker;
			sourceTree = "<group>";
		};
		DE5023E8162E832900F3E506 /* TableViewControllers */ = {
			isa = PBXGroup;
			children = (
				DE5023D2162E709C00F3E506 /* CoreDataTableViewController.h */,
				DE5023D3162E709C00F3E506 /* CoreDataTableViewController.m */,
				DE5023E5162E7C5800F3E506 /* GenericPictureTableViewController.h */,
				DE5023E6162E7C5900F3E506 /* GenericPictureTableViewController.m */,
				DEFB03771627EC7A00DD1D85 /* PreviousTableViewController.h */,
				DEFB03781627EC7A00DD1D85 /* PreviousTableViewController.m */,
				DEFB037A1627FF4800DD1D85 /* GenericTableViewCell.h */,
				DEFB037B1627FF4800DD1D85 /* GenericTableViewCell.m */,
				DE5023E9162E839100F3E506 /* FontPickerTableViewController.h */,
				DE5023EA162E839100F3E506 /* FontPickerTableViewController.m */,
			);
			name = TableViewControllers;
			sourceTree = "<group>";
		};
		DEA33C74162B921400DBFB35 /* Database */ = {
			isa = PBXGroup;
			children = (
				DE49C98B164FBF0E00C25929 /* StampedImage.h */,
				DE49C98C164FBF0E00C25929 /* StampedImage.m */,
				DEA33C75162B926600DBFB35 /* TextMyPhoto.xcdatamodeld */,
				DEF9B1051635AB61006EBD7F /* Label.h */,
				DEF9B1061635AB61006EBD7F /* Label.m */,
				DEA33CA2162B9EE900DBFB35 /* StampedImage+Create.h */,
				DEA33CA3162B9EE900DBFB35 /* StampedImage+Create.m */,
			);
			name = Database;
			sourceTree = "<group>";
		};
		DED062FF161EB85100FD976D /* Resources */ = {
			isa = PBXGroup;
			children = (
				DE3130EB1640C0B80095B75A /* delete.png */,
				DE3130D8164014990095B75A /* orange_fabric.png */,
				DE5023DB162E70E800F3E506 /* launch_button_highlight.png */,
				DE3130DC164017770095B75A /* Default@2x.png */,
				DE3130DA164017740095B75A /* Default.png */,
			);
			name = Resources;
			sourceTree = "<group>";
		};
		DEED1B8315EFA2A6004E33F3 = {
			isa = PBXGroup;
			children = (
				DEED1B9915EFA2A6004E33F3 /* Supporting Files */,
				DED062FF161EB85100FD976D /* Resources */,
				DEF61DEA161F22B100582C33 /* Storyboards */,
				DE4D995B1626B5AC00936EBE /* MNColorPicker */,
				DE5023E8162E832900F3E506 /* TableViewControllers */,
				DE3130E116401CE60095B75A /* CollectionViewController */,
				DEA33C74162B921400DBFB35 /* Database */,
				DEED1B9815EFA2A6004E33F3 /* Stamp It! */,
				DEED1B9115EFA2A6004E33F3 /* Frameworks */,
				DEED1B8F15EFA2A6004E33F3 /* Products */,
			);
			sourceTree = "<group>";
		};
		DEED1B8F15EFA2A6004E33F3 /* Products */ = {
			isa = PBXGroup;
			children = (
				DEED1B8E15EFA2A6004E33F3 /* Caption it!.app */,
			);
			name = Products;
			sourceTree = "<group>";
		};
		DEED1B9115EFA2A6004E33F3 /* Frameworks */ = {
			isa = PBXGroup;
			children = (
				DE49C989164FBD7800C25929 /* AssetsLibrary.framework */,
				DEA33C93162B93EC00DBFB35 /* CoreData.framework */,
				DEA33C71162A938800DBFB35 /* QuartzCore.framework */,
				DEED1B9215EFA2A6004E33F3 /* UIKit.framework */,
				DEED1B9415EFA2A6004E33F3 /* Foundation.framework */,
				DEED1B9615EFA2A6004E33F3 /* CoreGraphics.framework */,
			);
			name = Frameworks;
			sourceTree = "<group>";
		};
		DEED1B9815EFA2A6004E33F3 /* Stamp It! */ = {
			isa = PBXGroup;
			children = (
				DEA33C78162B92B300DBFB35 /* EditViewController.h */,
				DEA33C79162B92B300DBFB35 /* EditViewController.m */,
				DED06305161EBCB000FD976D /* LaunchMenuViewController.h */,
				DED06306161EBCB000FD976D /* LaunchMenuViewController.m */,
				DEA991DF16295AEF00F0F07E /* UIImage+Utilities.h */,
				DEA991E016295AF000F0F07E /* UIImage+Utilities.m */,
				DEF9B0F71634E97F006EBD7F /* CustomLabel.h */,
				DEF9B0F81634E97F006EBD7F /* CustomLabel.m */,
				DE6E062C163681D700616ADA /* InverseableView.h */,
				DE6E062D163681D700616ADA /* InverseableView.m */,
			);
			name = "Stamp It!";
			path = TextMyPhoto;
			sourceTree = "<group>";
		};
		DEED1B9915EFA2A6004E33F3 /* Supporting Files */ = {
			isa = PBXGroup;
			children = (
				DEF61DF4161F415200582C33 /* MyNavigationControllerViewController.h */,
				DEF61DF5161F415200582C33 /* MyNavigationControllerViewController.m */,
				DEED1BA115EFA2A6004E33F3 /* AppDelegate.h */,
				DEED1BA215EFA2A6004E33F3 /* AppDelegate.m */,
				DEED1B9A15EFA2A6004E33F3 /* Caption it!-Info.plist */,
				DEED1B9B15EFA2A6004E33F3 /* InfoPlist.strings */,
				DEED1B9E15EFA2A6004E33F3 /* main.m */,
				DEED1BA015EFA2A6004E33F3 /* Caption it!-Prefix.pch */,
			);
			name = "Supporting Files";
			path = TextMyPhoto;
			sourceTree = "<group>";
		};
		DEF61DEA161F22B100582C33 /* Storyboards */ = {
			isa = PBXGroup;
			children = (
				DEED1BA415EFA2A6004E33F3 /* MainStoryboard_iPhone.storyboard */,
				DEED1BA715EFA2A6004E33F3 /* MainStoryboard_iPad.storyboard */,
			);
			name = Storyboards;
			sourceTree = "<group>";
		};
/* End PBXGroup section */

/* Begin PBXNativeTarget section */
		DEED1B8D15EFA2A6004E33F3 /* Caption it! */ = {
			isa = PBXNativeTarget;
			buildConfigurationList = DEED1BAF15EFA2A6004E33F3 /* Build configuration list for PBXNativeTarget "Caption it!" */;
			buildPhases = (
				DEED1B8A15EFA2A6004E33F3 /* Sources */,
				DEED1B8B15EFA2A6004E33F3 /* Frameworks */,
				DEED1B8C15EFA2A6004E33F3 /* Resources */,
			);
			buildRules = (
			);
			dependencies = (
			);
			name = "Caption it!";
			productName = TextMyPhoto;
			productReference = DEED1B8E15EFA2A6004E33F3 /* Caption it!.app */;
			productType = "com.apple.product-type.application";
		};
/* End PBXNativeTarget section */

/* Begin PBXProject section */
		DEED1B8515EFA2A6004E33F3 /* Project object */ = {
			isa = PBXProject;
			attributes = {
				LastUpgradeCheck = 0440;
				ORGANIZATIONNAME = "Alexander Faxå";
			};
			buildConfigurationList = DEED1B8815EFA2A6004E33F3 /* Build configuration list for PBXProject "Caption it!" */;
			compatibilityVersion = "Xcode 3.2";
			developmentRegion = English;
			hasScannedForEncodings = 0;
			knownRegions = (
				en,
			);
			mainGroup = DEED1B8315EFA2A6004E33F3;
			productRefGroup = DEED1B8F15EFA2A6004E33F3 /* Products */;
			projectDirPath = "";
			projectRoot = "";
			targets = (
				DEED1B8D15EFA2A6004E33F3 /* Caption it! */,
			);
		};
/* End PBXProject section */

/* Begin PBXResourcesBuildPhase section */
		DEED1B8C15EFA2A6004E33F3 /* Resources */ = {
			isa = PBXResourcesBuildPhase;
			buildActionMask = 2147483647;
			files = (
				DEED1B9D15EFA2A6004E33F3 /* InfoPlist.strings in Resources */,
				DEED1BA615EFA2A6004E33F3 /* MainStoryboard_iPhone.storyboard in Resources */,
				DEED1BA915EFA2A6004E33F3 /* MainStoryboard_iPad.storyboard in Resources */,
				DE5023D6162E70B700F3E506 /* license.txt in Resources */,
				DE5023D9162E70CC00F3E506 /* BrightnessWheel.png in Resources */,
				DE5023DA162E70CC00F3E506 /* ColorWheel.png in Resources */,
				DE5023E0162E70E800F3E506 /* launch_button_highlight.png in Resources */,
				DE3130D9164014990095B75A /* orange_fabric.png in Resources */,
				DE3130DB164017740095B75A /* Default.png in Resources */,
				DE3130DD164017770095B75A /* Default@2x.png in Resources */,
				DE3130EC1640C0B80095B75A /* delete.png in Resources */,
			);
			runOnlyForDeploymentPostprocessing = 0;
		};
/* End PBXResourcesBuildPhase section */

/* Begin PBXSourcesBuildPhase section */
		DEED1B8A15EFA2A6004E33F3 /* Sources */ = {
			isa = PBXSourcesBuildPhase;
			buildActionMask = 2147483647;
			files = (
				DEED1B9F15EFA2A6004E33F3 /* main.m in Sources */,
				DEED1BA315EFA2A6004E33F3 /* AppDelegate.m in Sources */,
				DED06307161EBCB000FD976D /* LaunchMenuViewController.m in Sources */,
				DEF61DF6161F415200582C33 /* MyNavigationControllerViewController.m in Sources */,
				DEFB03791627EC7A00DD1D85 /* PreviousTableViewController.m in Sources */,
				DEFB037C1627FF4800DD1D85 /* GenericTableViewCell.m in Sources */,
				DEA991E116295AF000F0F07E /* UIImage+Utilities.m in Sources */,
				DEA33C77162B926600DBFB35 /* TextMyPhoto.xcdatamodeld in Sources */,
				DEA33C7C162B92B400DBFB35 /* EditViewController.m in Sources */,
				DEA33C8C162B92E600DBFB35 /* MNBrightnessView.m in Sources */,
				DEA33C8D162B92E600DBFB35 /* MNColorPicker.m in Sources */,
				DEA33C8E162B92E600DBFB35 /* MNColorView.m in Sources */,
				DEA33C8F162B92E600DBFB35 /* MNColorWheelView.m in Sources */,
				DEA33C90162B92E600DBFB35 /* MNMagnifyingView.m in Sources */,
				DEA33C91162B92E600DBFB35 /* MNMobileFunctions.m in Sources */,
				DEA33C92162B92E600DBFB35 /* UIColor+ColorSpaces.m in Sources */,
				DEA33CA4162B9EE900DBFB35 /* StampedImage+Create.m in Sources */,
				DE5023D4162E709C00F3E506 /* CoreDataTableViewController.m in Sources */,
				DE5023E7162E7C5900F3E506 /* GenericPictureTableViewController.m in Sources */,
				DE5023EB162E839100F3E506 /* FontPickerTableViewController.m in Sources */,
				DEF9B0F91634E97F006EBD7F /* CustomLabel.m in Sources */,
				DEF9B1071635AB61006EBD7F /* Label.m in Sources */,
				DE6E062E163681D700616ADA /* InverseableView.m in Sources */,
				DE3130E0164018760095B75A /* CoreDataCollectionViewController.m in Sources */,
				DE3130E416401E0C0095B75A /* GenericCollectionViewController.m in Sources */,
				DE3130E716401F080095B75A /* GenericCollectionViewCell.m in Sources */,
				DE3130EA1640207B0095B75A /* PreviousCollectionViewController.m in Sources */,
				DE3130EF1640D29C0095B75A /* StylePickerCollectionViewController.m in Sources */,
				DE49C98D164FBF0E00C25929 /* StampedImage.m in Sources */,
			);
			runOnlyForDeploymentPostprocessing = 0;
		};
/* End PBXSourcesBuildPhase section */

/* Begin PBXVariantGroup section */
		DEED1B9B15EFA2A6004E33F3 /* InfoPlist.strings */ = {
			isa = PBXVariantGroup;
			children = (
				DEED1B9C15EFA2A6004E33F3 /* en */,
			);
			name = InfoPlist.strings;
			sourceTree = "<group>";
		};
		DEED1BA415EFA2A6004E33F3 /* MainStoryboard_iPhone.storyboard */ = {
			isa = PBXVariantGroup;
			children = (
				DEED1BA515EFA2A6004E33F3 /* en */,
			);
			name = MainStoryboard_iPhone.storyboard;
			path = TextMyPhoto;
			sourceTree = "<group>";
		};
		DEED1BA715EFA2A6004E33F3 /* MainStoryboard_iPad.storyboard */ = {
			isa = PBXVariantGroup;
			children = (
				DEED1BA815EFA2A6004E33F3 /* en */,
			);
			name = MainStoryboard_iPad.storyboard;
			path = TextMyPhoto;
			sourceTree = "<group>";
		};
/* End PBXVariantGroup section */

/* Begin XCBuildConfiguration section */
		DEED1BAD15EFA2A6004E33F3 /* Debug */ = {
			isa = XCBuildConfiguration;
			buildSettings = {
				ALWAYS_SEARCH_USER_PATHS = NO;
				ARCHS = "$(ARCHS_STANDARD_32_BIT)";
				CLANG_CXX_LANGUAGE_STANDARD = "gnu++0x";
				CLANG_ENABLE_OBJC_ARC = YES;
				CLANG_WARN__DUPLICATE_METHOD_MATCH = YES;
				"CODE_SIGN_IDENTITY[sdk=iphoneos*]" = "iPhone Developer";
				COPY_PHASE_STRIP = NO;
				GCC_C_LANGUAGE_STANDARD = gnu99;
				GCC_DYNAMIC_NO_PIC = NO;
				GCC_OPTIMIZATION_LEVEL = 0;
				GCC_PREPROCESSOR_DEFINITIONS = (
					"DEBUG=1",
					"$(inherited)",
				);
				GCC_SYMBOLS_PRIVATE_EXTERN = NO;
				GCC_VERSION = com.apple.compilers.llvm.clang.1_0;
				GCC_WARN_ABOUT_RETURN_TYPE = YES;
				GCC_WARN_UNINITIALIZED_AUTOS = YES;
				GCC_WARN_UNUSED_VARIABLE = YES;
				IPHONEOS_DEPLOYMENT_TARGET = 6.0;
				SDKROOT = iphoneos;
				TARGETED_DEVICE_FAMILY = "1,2";
			};
			name = Debug;
		};
		DEED1BAE15EFA2A6004E33F3 /* Release */ = {
			isa = XCBuildConfiguration;
			buildSettings = {
				ALWAYS_SEARCH_USER_PATHS = NO;
				ARCHS = "$(ARCHS_STANDARD_32_BIT)";
				CLANG_CXX_LANGUAGE_STANDARD = "gnu++0x";
				CLANG_ENABLE_OBJC_ARC = YES;
				CLANG_WARN__DUPLICATE_METHOD_MATCH = YES;
				"CODE_SIGN_IDENTITY[sdk=iphoneos*]" = "iPhone Developer";
				COPY_PHASE_STRIP = YES;
				GCC_C_LANGUAGE_STANDARD = gnu99;
				GCC_VERSION = com.apple.compilers.llvm.clang.1_0;
				GCC_WARN_ABOUT_RETURN_TYPE = YES;
				GCC_WARN_UNINITIALIZED_AUTOS = YES;
				GCC_WARN_UNUSED_VARIABLE = YES;
				IPHONEOS_DEPLOYMENT_TARGET = 6.0;
				OTHER_CFLAGS = "-DNS_BLOCK_ASSERTIONS=1";
				SDKROOT = iphoneos;
				TARGETED_DEVICE_FAMILY = "1,2";
				VALIDATE_PRODUCT = YES;
			};
			name = Release;
		};
		DEED1BB015EFA2A6004E33F3 /* Debug */ = {
			isa = XCBuildConfiguration;
			buildSettings = {
				GCC_PRECOMPILE_PREFIX_HEADER = YES;
				GCC_PREFIX_HEADER = "TextMyPhoto/Caption it!-Prefix.pch";
				INFOPLIST_FILE = "TextMyPhoto/Caption it!-Info.plist";
				IPHONEOS_DEPLOYMENT_TARGET = 6.0;
				PRODUCT_NAME = "Caption it!";
				TARGETED_DEVICE_FAMILY = 1;
				WRAPPER_EXTENSION = app;
			};
			name = Debug;
		};
		DEED1BB115EFA2A6004E33F3 /* Release */ = {
			isa = XCBuildConfiguration;
			buildSettings = {
				GCC_PRECOMPILE_PREFIX_HEADER = YES;
				GCC_PREFIX_HEADER = "TextMyPhoto/Caption it!-Prefix.pch";
				INFOPLIST_FILE = "TextMyPhoto/Caption it!-Info.plist";
				IPHONEOS_DEPLOYMENT_TARGET = 6.0;
				PRODUCT_NAME = "Caption it!";
				TARGETED_DEVICE_FAMILY = 1;
				WRAPPER_EXTENSION = app;
			};
			name = Release;
		};
/* End XCBuildConfiguration section */

/* Begin XCConfigurationList section */
		DEED1B8815EFA2A6004E33F3 /* Build configuration list for PBXProject "Caption it!" */ = {
			isa = XCConfigurationList;
			buildConfigurations = (
				DEED1BAD15EFA2A6004E33F3 /* Debug */,
				DEED1BAE15EFA2A6004E33F3 /* Release */,
			);
			defaultConfigurationIsVisible = 0;
			defaultConfigurationName = Release;
		};
		DEED1BAF15EFA2A6004E33F3 /* Build configuration list for PBXNativeTarget "Caption it!" */ = {
			isa = XCConfigurationList;
			buildConfigurations = (
				DEED1BB015EFA2A6004E33F3 /* Debug */,
				DEED1BB115EFA2A6004E33F3 /* Release */,
			);
			defaultConfigurationIsVisible = 0;
			defaultConfigurationName = Release;
		};
/* End XCConfigurationList section */

/* Begin XCVersionGroup section */
		DEA33C75162B926600DBFB35 /* TextMyPhoto.xcdatamodeld */ = {
			isa = XCVersionGroup;
			children = (
				DEA33C76162B926600DBFB35 /* TextMyPhoto.xcdatamodel */,
			);
			currentVersion = DEA33C76162B926600DBFB35 /* TextMyPhoto.xcdatamodel */;
			name = TextMyPhoto.xcdatamodeld;
			path = TextMyPhoto/TextMyPhoto.xcdatamodeld;
			sourceTree = "<group>";
			versionGroupType = wrapper.xcdatamodel;
		};
/* End XCVersionGroup section */
	};
	rootObject = DEED1B8515EFA2A6004E33F3 /* Project object */;
}
