// !$*UTF8*$!
{
	archiveVersion = 1;
	classes = {
	};
	objectVersion = 46;
	objects = {

/* Begin PBXBuildFile section */
		DE71B39F16002B9A00D2FF7A /* MessageUI.framework in Frameworks */ = {isa = PBXBuildFile; fileRef = DE71B39E16002B9A00D2FF7A /* MessageUI.framework */; };
		DEED1B9315EFA2A6004E33F3 /* UIKit.framework in Frameworks */ = {isa = PBXBuildFile; fileRef = DEED1B9215EFA2A6004E33F3 /* UIKit.framework */; };
		DEED1B9515EFA2A6004E33F3 /* Foundation.framework in Frameworks */ = {isa = PBXBuildFile; fileRef = DEED1B9415EFA2A6004E33F3 /* Foundation.framework */; };
		DEED1B9715EFA2A6004E33F3 /* CoreGraphics.framework in Frameworks */ = {isa = PBXBuildFile; fileRef = DEED1B9615EFA2A6004E33F3 /* CoreGraphics.framework */; };
		DEED1B9D15EFA2A6004E33F3 /* InfoPlist.strings in Resources */ = {isa = PBXBuildFile; fileRef = DEED1B9B15EFA2A6004E33F3 /* InfoPlist.strings */; };
		DEED1B9F15EFA2A6004E33F3 /* main.m in Sources */ = {isa = PBXBuildFile; fileRef = DEED1B9E15EFA2A6004E33F3 /* main.m */; };
		DEED1BA315EFA2A6004E33F3 /* AppDelegate.m in Sources */ = {isa = PBXBuildFile; fileRef = DEED1BA215EFA2A6004E33F3 /* AppDelegate.m */; };
		DEED1BA615EFA2A6004E33F3 /* MainStoryboard_iPhone.storyboard in Resources */ = {isa = PBXBuildFile; fileRef = DEED1BA415EFA2A6004E33F3 /* MainStoryboard_iPhone.storyboard */; };
		DEED1BA915EFA2A6004E33F3 /* MainStoryboard_iPad.storyboard in Resources */ = {isa = PBXBuildFile; fileRef = DEED1BA715EFA2A6004E33F3 /* MainStoryboard_iPad.storyboard */; };
		DEED1BAC15EFA2A6004E33F3 /* MainViewController.m in Sources */ = {isa = PBXBuildFile; fileRef = DEED1BAB15EFA2A6004E33F3 /* MainViewController.m */; };
/* End PBXBuildFile section */

/* Begin PBXFileReference section */
		DE71B39E16002B9A00D2FF7A /* MessageUI.framework */ = {isa = PBXFileReference; lastKnownFileType = wrapper.framework; name = MessageUI.framework; path = System/Library/Frameworks/MessageUI.framework; sourceTree = SDKROOT; };
		DEED1B8E15EFA2A6004E33F3 /* TextMyPhoto.app */ = {isa = PBXFileReference; explicitFileType = wrapper.application; includeInIndex = 0; path = TextMyPhoto.app; sourceTree = BUILT_PRODUCTS_DIR; };
		DEED1B9215EFA2A6004E33F3 /* UIKit.framework */ = {isa = PBXFileReference; lastKnownFileType = wrapper.framework; name = UIKit.framework; path = System/Library/Frameworks/UIKit.framework; sourceTree = SDKROOT; };
		DEED1B9415EFA2A6004E33F3 /* Foundation.framework */ = {isa = PBXFileReference; lastKnownFileType = wrapper.framework; name = Foundation.framework; path = System/Library/Frameworks/Foundation.framework; sourceTree = SDKROOT; };
		DEED1B9615EFA2A6004E33F3 /* CoreGraphics.framework */ = {isa = PBXFileReference; lastKnownFileType = wrapper.framework; name = CoreGraphics.framework; path = System/Library/Frameworks/CoreGraphics.framework; sourceTree = SDKROOT; };
		DEED1B9A15EFA2A6004E33F3 /* TextMyPhoto-Info.plist */ = {isa = PBXFileReference; lastKnownFileType = text.plist.xml; path = "TextMyPhoto-Info.plist"; sourceTree = "<group>"; };
		DEED1B9C15EFA2A6004E33F3 /* en */ = {isa = PBXFileReference; lastKnownFileType = text.plist.strings; name = en; path = en.lproj/InfoPlist.strings; sourceTree = "<group>"; };
		DEED1B9E15EFA2A6004E33F3 /* main.m */ = {isa = PBXFileReference; lastKnownFileType = sourcecode.c.objc; path = main.m; sourceTree = "<group>"; };
		DEED1BA015EFA2A6004E33F3 /* TextMyPhoto-Prefix.pch */ = {isa = PBXFileReference; lastKnownFileType = sourcecode.c.h; path = "TextMyPhoto-Prefix.pch"; sourceTree = "<group>"; };
		DEED1BA115EFA2A6004E33F3 /* AppDelegate.h */ = {isa = PBXFileReference; lastKnownFileType = sourcecode.c.h; path = AppDelegate.h; sourceTree = "<group>"; };
		DEED1BA215EFA2A6004E33F3 /* AppDelegate.m */ = {isa = PBXFileReference; lastKnownFileType = sourcecode.c.objc; path = AppDelegate.m; sourceTree = "<group>"; };
		DEED1BA515EFA2A6004E33F3 /* en */ = {isa = PBXFileReference; lastKnownFileType = file.storyboard; name = en; path = en.lproj/MainStoryboard_iPhone.storyboard; sourceTree = "<group>"; };
		DEED1BA815EFA2A6004E33F3 /* en */ = {isa = PBXFileReference; lastKnownFileType = file.storyboard; name = en; path = en.lproj/MainStoryboard_iPad.storyboard; sourceTree = "<group>"; };
		DEED1BAA15EFA2A6004E33F3 /* MainViewController.h */ = {isa = PBXFileReference; lastKnownFileType = sourcecode.c.h; path = MainViewController.h; sourceTree = "<group>"; };
		DEED1BAB15EFA2A6004E33F3 /* MainViewController.m */ = {isa = PBXFileReference; lastKnownFileType = sourcecode.c.objc; path = MainViewController.m; sourceTree = "<group>"; };
/* End PBXFileReference section */

/* Begin PBXFrameworksBuildPhase section */
		DEED1B8B15EFA2A6004E33F3 /* Frameworks */ = {
			isa = PBXFrameworksBuildPhase;
			buildActionMask = 2147483647;
			files = (
				DE71B39F16002B9A00D2FF7A /* MessageUI.framework in Frameworks */,
				DEED1B9315EFA2A6004E33F3 /* UIKit.framework in Frameworks */,
				DEED1B9515EFA2A6004E33F3 /* Foundation.framework in Frameworks */,
				DEED1B9715EFA2A6004E33F3 /* CoreGraphics.framework in Frameworks */,
			);
			runOnlyForDeploymentPostprocessing = 0;
		};
/* End PBXFrameworksBuildPhase section */

/* Begin PBXGroup section */
		DEED1B8315EFA2A6004E33F3 = {
			isa = PBXGroup;
			children = (
				DEED1B9815EFA2A6004E33F3 /* TextMyPhoto */,
				DEED1B9115EFA2A6004E33F3 /* Frameworks */,
				DEED1B8F15EFA2A6004E33F3 /* Products */,
			);
			sourceTree = "<group>";
		};
		DEED1B8F15EFA2A6004E33F3 /* Products */ = {
			isa = PBXGroup;
			children = (
				DEED1B8E15EFA2A6004E33F3 /* TextMyPhoto.app */,
			);
			name = Products;
			sourceTree = "<group>";
		};
		DEED1B9115EFA2A6004E33F3 /* Frameworks */ = {
			isa = PBXGroup;
			children = (
				DE71B39E16002B9A00D2FF7A /* MessageUI.framework */,
				DEED1B9215EFA2A6004E33F3 /* UIKit.framework */,
				DEED1B9415EFA2A6004E33F3 /* Foundation.framework */,
				DEED1B9615EFA2A6004E33F3 /* CoreGraphics.framework */,
			);
			name = Frameworks;
			sourceTree = "<group>";
		};
		DEED1B9815EFA2A6004E33F3 /* TextMyPhoto */ = {
			isa = PBXGroup;
			children = (
				DEED1BA115EFA2A6004E33F3 /* AppDelegate.h */,
				DEED1BA215EFA2A6004E33F3 /* AppDelegate.m */,
				DEED1BA415EFA2A6004E33F3 /* MainStoryboard_iPhone.storyboard */,
				DEED1BA715EFA2A6004E33F3 /* MainStoryboard_iPad.storyboard */,
				DEED1BAA15EFA2A6004E33F3 /* MainViewController.h */,
				DEED1BAB15EFA2A6004E33F3 /* MainViewController.m */,
				DEED1B9915EFA2A6004E33F3 /* Supporting Files */,
			);
			path = TextMyPhoto;
			sourceTree = "<group>";
		};
		DEED1B9915EFA2A6004E33F3 /* Supporting Files */ = {
			isa = PBXGroup;
			children = (
				DEED1B9A15EFA2A6004E33F3 /* TextMyPhoto-Info.plist */,
				DEED1B9B15EFA2A6004E33F3 /* InfoPlist.strings */,
				DEED1B9E15EFA2A6004E33F3 /* main.m */,
				DEED1BA015EFA2A6004E33F3 /* TextMyPhoto-Prefix.pch */,
			);
			name = "Supporting Files";
			sourceTree = "<group>";
		};
/* End PBXGroup section */

/* Begin PBXNativeTarget section */
		DEED1B8D15EFA2A6004E33F3 /* TextMyPhoto */ = {
			isa = PBXNativeTarget;
			buildConfigurationList = DEED1BAF15EFA2A6004E33F3 /* Build configuration list for PBXNativeTarget "TextMyPhoto" */;
			buildPhases = (
				DEED1B8A15EFA2A6004E33F3 /* Sources */,
				DEED1B8B15EFA2A6004E33F3 /* Frameworks */,
				DEED1B8C15EFA2A6004E33F3 /* Resources */,
			);
			buildRules = (
			);
			dependencies = (
			);
			name = TextMyPhoto;
			productName = TextMyPhoto;
			productReference = DEED1B8E15EFA2A6004E33F3 /* TextMyPhoto.app */;
			productType = "com.apple.product-type.application";
		};
/* End PBXNativeTarget section */

/* Begin PBXProject section */
		DEED1B8515EFA2A6004E33F3 /* Project object */ = {
			isa = PBXProject;
			attributes = {
				LastUpgradeCheck = 0440;
				ORGANIZATIONNAME = "Alexander Faxå";
			};
			buildConfigurationList = DEED1B8815EFA2A6004E33F3 /* Build configuration list for PBXProject "TextMyPhoto" */;
			compatibilityVersion = "Xcode 3.2";
			developmentRegion = English;
			hasScannedForEncodings = 0;
			knownRegions = (
				en,
			);
			mainGroup = DEED1B8315EFA2A6004E33F3;
			productRefGroup = DEED1B8F15EFA2A6004E33F3 /* Products */;
			projectDirPath = "";
			projectRoot = "";
			targets = (
				DEED1B8D15EFA2A6004E33F3 /* TextMyPhoto */,
			);
		};
/* End PBXProject section */

/* Begin PBXResourcesBuildPhase section */
		DEED1B8C15EFA2A6004E33F3 /* Resources */ = {
			isa = PBXResourcesBuildPhase;
			buildActionMask = 2147483647;
			files = (
				DEED1B9D15EFA2A6004E33F3 /* InfoPlist.strings in Resources */,
				DEED1BA615EFA2A6004E33F3 /* MainStoryboard_iPhone.storyboard in Resources */,
				DEED1BA915EFA2A6004E33F3 /* MainStoryboard_iPad.storyboard in Resources */,
			);
			runOnlyForDeploymentPostprocessing = 0;
		};
/* End PBXResourcesBuildPhase section */

/* Begin PBXSourcesBuildPhase section */
		DEED1B8A15EFA2A6004E33F3 /* Sources */ = {
			isa = PBXSourcesBuildPhase;
			buildActionMask = 2147483647;
			files = (
				DEED1B9F15EFA2A6004E33F3 /* main.m in Sources */,
				DEED1BA315EFA2A6004E33F3 /* AppDelegate.m in Sources */,
				DEED1BAC15EFA2A6004E33F3 /* MainViewController.m in Sources */,
			);
			runOnlyForDeploymentPostprocessing = 0;
		};
/* End PBXSourcesBuildPhase section */

/* Begin PBXVariantGroup section */
		DEED1B9B15EFA2A6004E33F3 /* InfoPlist.strings */ = {
			isa = PBXVariantGroup;
			children = (
				DEED1B9C15EFA2A6004E33F3 /* en */,
			);
			name = InfoPlist.strings;
			sourceTree = "<group>";
		};
		DEED1BA415EFA2A6004E33F3 /* MainStoryboard_iPhone.storyboard */ = {
			isa = PBXVariantGroup;
			children = (
				DEED1BA515EFA2A6004E33F3 /* en */,
			);
			name = MainStoryboard_iPhone.storyboard;
			sourceTree = "<group>";
		};
		DEED1BA715EFA2A6004E33F3 /* MainStoryboard_iPad.storyboard */ = {
			isa = PBXVariantGroup;
			children = (
				DEED1BA815EFA2A6004E33F3 /* en */,
			);
			name = MainStoryboard_iPad.storyboard;
			sourceTree = "<group>";
		};
/* End PBXVariantGroup section */

/* Begin XCBuildConfiguration section */
		DEED1BAD15EFA2A6004E33F3 /* Debug */ = {
			isa = XCBuildConfiguration;
			buildSettings = {
				ALWAYS_SEARCH_USER_PATHS = NO;
				ARCHS = "$(ARCHS_STANDARD_32_BIT)";
				CLANG_CXX_LANGUAGE_STANDARD = "gnu++0x";
				CLANG_ENABLE_OBJC_ARC = YES;
				CLANG_WARN__DUPLICATE_METHOD_MATCH = YES;
				"CODE_SIGN_IDENTITY[sdk=iphoneos*]" = "iPhone Developer";
				COPY_PHASE_STRIP = NO;
				GCC_C_LANGUAGE_STANDARD = gnu99;
				GCC_DYNAMIC_NO_PIC = NO;
				GCC_OPTIMIZATION_LEVEL = 0;
				GCC_PREPROCESSOR_DEFINITIONS = (
					"DEBUG=1",
					"$(inherited)",
				);
				GCC_SYMBOLS_PRIVATE_EXTERN = NO;
				GCC_VERSION = com.apple.compilers.llvm.clang.1_0;
				GCC_WARN_ABOUT_RETURN_TYPE = YES;
				GCC_WARN_UNINITIALIZED_AUTOS = YES;
				GCC_WARN_UNUSED_VARIABLE = YES;
				IPHONEOS_DEPLOYMENT_TARGET = 5.1;
				SDKROOT = iphoneos;
				TARGETED_DEVICE_FAMILY = "1,2";
			};
			name = Debug;
		};
		DEED1BAE15EFA2A6004E33F3 /* Release */ = {
			isa = XCBuildConfiguration;
			buildSettings = {
				ALWAYS_SEARCH_USER_PATHS = NO;
				ARCHS = "$(ARCHS_STANDARD_32_BIT)";
				CLANG_CXX_LANGUAGE_STANDARD = "gnu++0x";
				CLANG_ENABLE_OBJC_ARC = YES;
				CLANG_WARN__DUPLICATE_METHOD_MATCH = YES;
				"CODE_SIGN_IDENTITY[sdk=iphoneos*]" = "iPhone Developer";
				COPY_PHASE_STRIP = YES;
				GCC_C_LANGUAGE_STANDARD = gnu99;
				GCC_VERSION = com.apple.compilers.llvm.clang.1_0;
				GCC_WARN_ABOUT_RETURN_TYPE = YES;
				GCC_WARN_UNINITIALIZED_AUTOS = YES;
				GCC_WARN_UNUSED_VARIABLE = YES;
				IPHONEOS_DEPLOYMENT_TARGET = 5.1;
				OTHER_CFLAGS = "-DNS_BLOCK_ASSERTIONS=1";
				SDKROOT = iphoneos;
				TARGETED_DEVICE_FAMILY = "1,2";
				VALIDATE_PRODUCT = YES;
			};
			name = Release;
		};
		DEED1BB015EFA2A6004E33F3 /* Debug */ = {
			isa = XCBuildConfiguration;
			buildSettings = {
				GCC_PRECOMPILE_PREFIX_HEADER = YES;
				GCC_PREFIX_HEADER = "TextMyPhoto/TextMyPhoto-Prefix.pch";
				INFOPLIST_FILE = "TextMyPhoto/TextMyPhoto-Info.plist";
				PRODUCT_NAME = "$(TARGET_NAME)";
				WRAPPER_EXTENSION = app;
			};
			name = Debug;
		};
		DEED1BB115EFA2A6004E33F3 /* Release */ = {
			isa = XCBuildConfiguration;
			buildSettings = {
				GCC_PRECOMPILE_PREFIX_HEADER = YES;
				GCC_PREFIX_HEADER = "TextMyPhoto/TextMyPhoto-Prefix.pch";
				INFOPLIST_FILE = "TextMyPhoto/TextMyPhoto-Info.plist";
				PRODUCT_NAME = "$(TARGET_NAME)";
				WRAPPER_EXTENSION = app;
			};
			name = Release;
		};
/* End XCBuildConfiguration section */

/* Begin XCConfigurationList section */
		DEED1B8815EFA2A6004E33F3 /* Build configuration list for PBXProject "TextMyPhoto" */ = {
			isa = XCConfigurationList;
			buildConfigurations = (
				DEED1BAD15EFA2A6004E33F3 /* Debug */,
				DEED1BAE15EFA2A6004E33F3 /* Release */,
			);
			defaultConfigurationIsVisible = 0;
			defaultConfigurationName = Release;
		};
		DEED1BAF15EFA2A6004E33F3 /* Build configuration list for PBXNativeTarget "TextMyPhoto" */ = {
			isa = XCConfigurationList;
			buildConfigurations = (
				DEED1BB015EFA2A6004E33F3 /* Debug */,
				DEED1BB115EFA2A6004E33F3 /* Release */,
			);
			defaultConfigurationIsVisible = 0;
			defaultConfigurationName = Release;
		};
/* End XCConfigurationList section */
	};
	rootObject = DEED1B8515EFA2A6004E33F3 /* Project object */;
}
