// !$*UTF8*$!
{
	archiveVersion = 1;
	classes = {
	};
	objectVersion = 46;
	objects = {

/* Begin PBXBuildFile section */
		DE4D996B1626B60000936EBE /* MNBrightnessView.m in Sources */ = {isa = PBXBuildFile; fileRef = DE4D995E1626B60000936EBE /* MNBrightnessView.m */; settings = {COMPILER_FLAGS = "-fno-objc-arc"; }; };
		DE4D996C1626B60000936EBE /* MNColorPicker.m in Sources */ = {isa = PBXBuildFile; fileRef = DE4D99601626B60000936EBE /* MNColorPicker.m */; settings = {COMPILER_FLAGS = "-fno-objc-arc"; }; };
		DE4D996D1626B60000936EBE /* MNColorView.m in Sources */ = {isa = PBXBuildFile; fileRef = DE4D99621626B60000936EBE /* MNColorView.m */; settings = {COMPILER_FLAGS = "-fno-objc-arc"; }; };
		DE4D996E1626B60000936EBE /* MNColorWheelView.m in Sources */ = {isa = PBXBuildFile; fileRef = DE4D99641626B60000936EBE /* MNColorWheelView.m */; settings = {COMPILER_FLAGS = "-fno-objc-arc"; }; };
		DE4D996F1626B60000936EBE /* MNMagnifyingView.m in Sources */ = {isa = PBXBuildFile; fileRef = DE4D99661626B60000936EBE /* MNMagnifyingView.m */; settings = {COMPILER_FLAGS = "-fno-objc-arc"; }; };
		DE4D99701626B60000936EBE /* MNMobileFunctions.m in Sources */ = {isa = PBXBuildFile; fileRef = DE4D99681626B60000936EBE /* MNMobileFunctions.m */; settings = {COMPILER_FLAGS = "-fno-objc-arc"; }; };
		DE4D99711626B60000936EBE /* UIColor+ColorSpaces.m in Sources */ = {isa = PBXBuildFile; fileRef = DE4D996A1626B60000936EBE /* UIColor+ColorSpaces.m */; settings = {COMPILER_FLAGS = "-fno-objc-arc"; }; };
		DE4D99741626B91F00936EBE /* BrightnessWheel.png in Resources */ = {isa = PBXBuildFile; fileRef = DE4D99721626B91F00936EBE /* BrightnessWheel.png */; };
		DE4D99751626B91F00936EBE /* ColorWheel.png in Resources */ = {isa = PBXBuildFile; fileRef = DE4D99731626B91F00936EBE /* ColorWheel.png */; };
		DE4D99781626C18200936EBE /* IOHandler.m in Sources */ = {isa = PBXBuildFile; fileRef = DE4D99771626C18200936EBE /* IOHandler.m */; };
		DE6B38FA16255178009B41DC /* Social.framework in Frameworks */ = {isa = PBXBuildFile; fileRef = DE6B38F916255178009B41DC /* Social.framework */; };
		DE71B39F16002B9A00D2FF7A /* MessageUI.framework in Frameworks */ = {isa = PBXBuildFile; fileRef = DE71B39E16002B9A00D2FF7A /* MessageUI.framework */; };
		DEA4B8B416257BFD00E711AF /* stamp.png in Resources */ = {isa = PBXBuildFile; fileRef = DEA4B8B316257BFD00E711AF /* stamp.png */; };
		DEA4B8B61625809B00E711AF /* AssetsLibrary.framework in Frameworks */ = {isa = PBXBuildFile; fileRef = DEA4B8B51625809B00E711AF /* AssetsLibrary.framework */; };
		DEA4B8B91625823100E711AF /* StampedImage.m in Sources */ = {isa = PBXBuildFile; fileRef = DEA4B8B81625823100E711AF /* StampedImage.m */; };
		DED06304161EB90F00FD976D /* pinboard.png in Resources */ = {isa = PBXBuildFile; fileRef = DED06303161EB90F00FD976D /* pinboard.png */; };
		DED06307161EBCB000FD976D /* LaunchMenuViewController.m in Sources */ = {isa = PBXBuildFile; fileRef = DED06306161EBCB000FD976D /* LaunchMenuViewController.m */; };
		DEED1B9315EFA2A6004E33F3 /* UIKit.framework in Frameworks */ = {isa = PBXBuildFile; fileRef = DEED1B9215EFA2A6004E33F3 /* UIKit.framework */; };
		DEED1B9515EFA2A6004E33F3 /* Foundation.framework in Frameworks */ = {isa = PBXBuildFile; fileRef = DEED1B9415EFA2A6004E33F3 /* Foundation.framework */; };
		DEED1B9715EFA2A6004E33F3 /* CoreGraphics.framework in Frameworks */ = {isa = PBXBuildFile; fileRef = DEED1B9615EFA2A6004E33F3 /* CoreGraphics.framework */; };
		DEED1B9D15EFA2A6004E33F3 /* InfoPlist.strings in Resources */ = {isa = PBXBuildFile; fileRef = DEED1B9B15EFA2A6004E33F3 /* InfoPlist.strings */; };
		DEED1B9F15EFA2A6004E33F3 /* main.m in Sources */ = {isa = PBXBuildFile; fileRef = DEED1B9E15EFA2A6004E33F3 /* main.m */; };
		DEED1BA315EFA2A6004E33F3 /* AppDelegate.m in Sources */ = {isa = PBXBuildFile; fileRef = DEED1BA215EFA2A6004E33F3 /* AppDelegate.m */; };
		DEED1BA615EFA2A6004E33F3 /* MainStoryboard_iPhone.storyboard in Resources */ = {isa = PBXBuildFile; fileRef = DEED1BA415EFA2A6004E33F3 /* MainStoryboard_iPhone.storyboard */; };
		DEED1BA915EFA2A6004E33F3 /* MainStoryboard_iPad.storyboard in Resources */ = {isa = PBXBuildFile; fileRef = DEED1BA715EFA2A6004E33F3 /* MainStoryboard_iPad.storyboard */; };
		DEF61DF0161F267100582C33 /* button_greycolor.png in Resources */ = {isa = PBXBuildFile; fileRef = DEF61DEF161F267100582C33 /* button_greycolor.png */; };
		DEF61DF3161F2F0E00582C33 /* EditViewController.m in Sources */ = {isa = PBXBuildFile; fileRef = DEF61DF2161F2F0E00582C33 /* EditViewController.m */; };
		DEF61DF6161F415200582C33 /* MyNavigationControllerViewController.m in Sources */ = {isa = PBXBuildFile; fileRef = DEF61DF5161F415200582C33 /* MyNavigationControllerViewController.m */; };
/* End PBXBuildFile section */

/* Begin PBXFileReference section */
		DE4D995D1626B60000936EBE /* MNBrightnessView.h */ = {isa = PBXFileReference; fileEncoding = 4; lastKnownFileType = sourcecode.c.h; path = MNBrightnessView.h; sourceTree = "<group>"; };
		DE4D995E1626B60000936EBE /* MNBrightnessView.m */ = {isa = PBXFileReference; fileEncoding = 4; lastKnownFileType = sourcecode.c.objc; path = MNBrightnessView.m; sourceTree = "<group>"; };
		DE4D995F1626B60000936EBE /* MNColorPicker.h */ = {isa = PBXFileReference; fileEncoding = 4; lastKnownFileType = sourcecode.c.h; path = MNColorPicker.h; sourceTree = "<group>"; };
		DE4D99601626B60000936EBE /* MNColorPicker.m */ = {isa = PBXFileReference; fileEncoding = 4; lastKnownFileType = sourcecode.c.objc; path = MNColorPicker.m; sourceTree = "<group>"; };
		DE4D99611626B60000936EBE /* MNColorView.h */ = {isa = PBXFileReference; fileEncoding = 4; lastKnownFileType = sourcecode.c.h; path = MNColorView.h; sourceTree = "<group>"; };
		DE4D99621626B60000936EBE /* MNColorView.m */ = {isa = PBXFileReference; fileEncoding = 4; lastKnownFileType = sourcecode.c.objc; path = MNColorView.m; sourceTree = "<group>"; };
		DE4D99631626B60000936EBE /* MNColorWheelView.h */ = {isa = PBXFileReference; fileEncoding = 4; lastKnownFileType = sourcecode.c.h; path = MNColorWheelView.h; sourceTree = "<group>"; };
		DE4D99641626B60000936EBE /* MNColorWheelView.m */ = {isa = PBXFileReference; fileEncoding = 4; lastKnownFileType = sourcecode.c.objc; path = MNColorWheelView.m; sourceTree = "<group>"; };
		DE4D99651626B60000936EBE /* MNMagnifyingView.h */ = {isa = PBXFileReference; fileEncoding = 4; lastKnownFileType = sourcecode.c.h; path = MNMagnifyingView.h; sourceTree = "<group>"; };
		DE4D99661626B60000936EBE /* MNMagnifyingView.m */ = {isa = PBXFileReference; fileEncoding = 4; lastKnownFileType = sourcecode.c.objc; path = MNMagnifyingView.m; sourceTree = "<group>"; };
		DE4D99671626B60000936EBE /* MNMobileFunctions.h */ = {isa = PBXFileReference; fileEncoding = 4; lastKnownFileType = sourcecode.c.h; path = MNMobileFunctions.h; sourceTree = "<group>"; };
		DE4D99681626B60000936EBE /* MNMobileFunctions.m */ = {isa = PBXFileReference; fileEncoding = 4; lastKnownFileType = sourcecode.c.objc; path = MNMobileFunctions.m; sourceTree = "<group>"; };
		DE4D99691626B60000936EBE /* UIColor+ColorSpaces.h */ = {isa = PBXFileReference; fileEncoding = 4; lastKnownFileType = sourcecode.c.h; path = "UIColor+ColorSpaces.h"; sourceTree = "<group>"; };
		DE4D996A1626B60000936EBE /* UIColor+ColorSpaces.m */ = {isa = PBXFileReference; fileEncoding = 4; lastKnownFileType = sourcecode.c.objc; path = "UIColor+ColorSpaces.m"; sourceTree = "<group>"; };
		DE4D99721626B91F00936EBE /* BrightnessWheel.png */ = {isa = PBXFileReference; lastKnownFileType = image.png; path = BrightnessWheel.png; sourceTree = "<group>"; };
		DE4D99731626B91F00936EBE /* ColorWheel.png */ = {isa = PBXFileReference; lastKnownFileType = image.png; path = ColorWheel.png; sourceTree = "<group>"; };
		DE4D99761626C18200936EBE /* IOHandler.h */ = {isa = PBXFileReference; fileEncoding = 4; lastKnownFileType = sourcecode.c.h; path = IOHandler.h; sourceTree = "<group>"; };
		DE4D99771626C18200936EBE /* IOHandler.m */ = {isa = PBXFileReference; fileEncoding = 4; lastKnownFileType = sourcecode.c.objc; path = IOHandler.m; sourceTree = "<group>"; };
		DE6B38F916255178009B41DC /* Social.framework */ = {isa = PBXFileReference; lastKnownFileType = wrapper.framework; name = Social.framework; path = System/Library/Frameworks/Social.framework; sourceTree = SDKROOT; };
		DE71B39E16002B9A00D2FF7A /* MessageUI.framework */ = {isa = PBXFileReference; lastKnownFileType = wrapper.framework; name = MessageUI.framework; path = System/Library/Frameworks/MessageUI.framework; sourceTree = SDKROOT; };
		DEA4B8B316257BFD00E711AF /* stamp.png */ = {isa = PBXFileReference; lastKnownFileType = image.png; path = stamp.png; sourceTree = "<group>"; };
		DEA4B8B51625809B00E711AF /* AssetsLibrary.framework */ = {isa = PBXFileReference; lastKnownFileType = wrapper.framework; name = AssetsLibrary.framework; path = System/Library/Frameworks/AssetsLibrary.framework; sourceTree = SDKROOT; };
		DEA4B8B71625823100E711AF /* StampedImage.h */ = {isa = PBXFileReference; fileEncoding = 4; lastKnownFileType = sourcecode.c.h; name = StampedImage.h; path = ../StampedImage.h; sourceTree = "<group>"; };
		DEA4B8B81625823100E711AF /* StampedImage.m */ = {isa = PBXFileReference; fileEncoding = 4; lastKnownFileType = sourcecode.c.objc; name = StampedImage.m; path = ../StampedImage.m; sourceTree = "<group>"; };
		DED06303161EB90F00FD976D /* pinboard.png */ = {isa = PBXFileReference; lastKnownFileType = image.png; path = pinboard.png; sourceTree = "<group>"; };
		DED06305161EBCB000FD976D /* LaunchMenuViewController.h */ = {isa = PBXFileReference; fileEncoding = 4; lastKnownFileType = sourcecode.c.h; path = LaunchMenuViewController.h; sourceTree = "<group>"; };
		DED06306161EBCB000FD976D /* LaunchMenuViewController.m */ = {isa = PBXFileReference; fileEncoding = 4; lastKnownFileType = sourcecode.c.objc; path = LaunchMenuViewController.m; sourceTree = "<group>"; };
		DEED1B8E15EFA2A6004E33F3 /* Stamp it!.app */ = {isa = PBXFileReference; explicitFileType = wrapper.application; includeInIndex = 0; path = "Stamp it!.app"; sourceTree = BUILT_PRODUCTS_DIR; };
		DEED1B9215EFA2A6004E33F3 /* UIKit.framework */ = {isa = PBXFileReference; lastKnownFileType = wrapper.framework; name = UIKit.framework; path = System/Library/Frameworks/UIKit.framework; sourceTree = SDKROOT; };
		DEED1B9415EFA2A6004E33F3 /* Foundation.framework */ = {isa = PBXFileReference; lastKnownFileType = wrapper.framework; name = Foundation.framework; path = System/Library/Frameworks/Foundation.framework; sourceTree = SDKROOT; };
		DEED1B9615EFA2A6004E33F3 /* CoreGraphics.framework */ = {isa = PBXFileReference; lastKnownFileType = wrapper.framework; name = CoreGraphics.framework; path = System/Library/Frameworks/CoreGraphics.framework; sourceTree = SDKROOT; };
		DEED1B9A15EFA2A6004E33F3 /* Stamp it!-Info.plist */ = {isa = PBXFileReference; lastKnownFileType = text.plist.xml; path = "Stamp it!-Info.plist"; sourceTree = "<group>"; };
		DEED1B9C15EFA2A6004E33F3 /* en */ = {isa = PBXFileReference; lastKnownFileType = text.plist.strings; name = en; path = en.lproj/InfoPlist.strings; sourceTree = "<group>"; };
		DEED1B9E15EFA2A6004E33F3 /* main.m */ = {isa = PBXFileReference; lastKnownFileType = sourcecode.c.objc; path = main.m; sourceTree = "<group>"; };
		DEED1BA015EFA2A6004E33F3 /* Stamp it!-Prefix.pch */ = {isa = PBXFileReference; lastKnownFileType = sourcecode.c.h; path = "Stamp it!-Prefix.pch"; sourceTree = "<group>"; };
		DEED1BA115EFA2A6004E33F3 /* AppDelegate.h */ = {isa = PBXFileReference; lastKnownFileType = sourcecode.c.h; path = AppDelegate.h; sourceTree = "<group>"; };
		DEED1BA215EFA2A6004E33F3 /* AppDelegate.m */ = {isa = PBXFileReference; lastKnownFileType = sourcecode.c.objc; path = AppDelegate.m; sourceTree = "<group>"; };
		DEED1BA515EFA2A6004E33F3 /* en */ = {isa = PBXFileReference; lastKnownFileType = file.storyboard; name = en; path = en.lproj/MainStoryboard_iPhone.storyboard; sourceTree = "<group>"; };
		DEED1BA815EFA2A6004E33F3 /* en */ = {isa = PBXFileReference; lastKnownFileType = file.storyboard; name = en; path = en.lproj/MainStoryboard_iPad.storyboard; sourceTree = "<group>"; };
		DEF61DEF161F267100582C33 /* button_greycolor.png */ = {isa = PBXFileReference; lastKnownFileType = image.png; path = button_greycolor.png; sourceTree = "<group>"; };
		DEF61DF1161F2F0E00582C33 /* EditViewController.h */ = {isa = PBXFileReference; fileEncoding = 4; lastKnownFileType = sourcecode.c.h; name = EditViewController.h; path = ../EditViewController.h; sourceTree = "<group>"; };
		DEF61DF2161F2F0E00582C33 /* EditViewController.m */ = {isa = PBXFileReference; fileEncoding = 4; lastKnownFileType = sourcecode.c.objc; name = EditViewController.m; path = ../EditViewController.m; sourceTree = "<group>"; };
		DEF61DF4161F415200582C33 /* MyNavigationControllerViewController.h */ = {isa = PBXFileReference; fileEncoding = 4; lastKnownFileType = sourcecode.c.h; path = MyNavigationControllerViewController.h; sourceTree = "<group>"; };
		DEF61DF5161F415200582C33 /* MyNavigationControllerViewController.m */ = {isa = PBXFileReference; fileEncoding = 4; lastKnownFileType = sourcecode.c.objc; path = MyNavigationControllerViewController.m; sourceTree = "<group>"; };
/* End PBXFileReference section */

/* Begin PBXFrameworksBuildPhase section */
		DEED1B8B15EFA2A6004E33F3 /* Frameworks */ = {
			isa = PBXFrameworksBuildPhase;
			buildActionMask = 2147483647;
			files = (
				DEA4B8B61625809B00E711AF /* AssetsLibrary.framework in Frameworks */,
				DE6B38FA16255178009B41DC /* Social.framework in Frameworks */,
				DE71B39F16002B9A00D2FF7A /* MessageUI.framework in Frameworks */,
				DEED1B9315EFA2A6004E33F3 /* UIKit.framework in Frameworks */,
				DEED1B9515EFA2A6004E33F3 /* Foundation.framework in Frameworks */,
				DEED1B9715EFA2A6004E33F3 /* CoreGraphics.framework in Frameworks */,
			);
			runOnlyForDeploymentPostprocessing = 0;
		};
/* End PBXFrameworksBuildPhase section */

/* Begin PBXGroup section */
		DE4D995B1626B5AC00936EBE /* ColorPicker */ = {
			isa = PBXGroup;
			children = (
				DE4D99721626B91F00936EBE /* BrightnessWheel.png */,
				DE4D99731626B91F00936EBE /* ColorWheel.png */,
				DE4D995D1626B60000936EBE /* MNBrightnessView.h */,
				DE4D995E1626B60000936EBE /* MNBrightnessView.m */,
				DE4D995F1626B60000936EBE /* MNColorPicker.h */,
				DE4D99601626B60000936EBE /* MNColorPicker.m */,
				DE4D99611626B60000936EBE /* MNColorView.h */,
				DE4D99621626B60000936EBE /* MNColorView.m */,
				DE4D99631626B60000936EBE /* MNColorWheelView.h */,
				DE4D99641626B60000936EBE /* MNColorWheelView.m */,
				DE4D99651626B60000936EBE /* MNMagnifyingView.h */,
				DE4D99661626B60000936EBE /* MNMagnifyingView.m */,
				DE4D99671626B60000936EBE /* MNMobileFunctions.h */,
				DE4D99681626B60000936EBE /* MNMobileFunctions.m */,
				DE4D99691626B60000936EBE /* UIColor+ColorSpaces.h */,
				DE4D996A1626B60000936EBE /* UIColor+ColorSpaces.m */,
			);
			name = ColorPicker;
			sourceTree = "<group>";
		};
		DED062FF161EB85100FD976D /* Resources */ = {
			isa = PBXGroup;
			children = (
				DEA4B8B316257BFD00E711AF /* stamp.png */,
				DEF61DEF161F267100582C33 /* button_greycolor.png */,
				DED06303161EB90F00FD976D /* pinboard.png */,
			);
			name = Resources;
			sourceTree = "<group>";
		};
		DEED1B8315EFA2A6004E33F3 = {
			isa = PBXGroup;
			children = (
				DEED1B9915EFA2A6004E33F3 /* Supporting Files */,
				DED062FF161EB85100FD976D /* Resources */,
				DEF61DEA161F22B100582C33 /* Storyboards */,
				DE4D995B1626B5AC00936EBE /* ColorPicker */,
				DEED1B9815EFA2A6004E33F3 /* Stamp It! */,
				DEED1B9115EFA2A6004E33F3 /* Frameworks */,
				DEED1B8F15EFA2A6004E33F3 /* Products */,
			);
			sourceTree = "<group>";
		};
		DEED1B8F15EFA2A6004E33F3 /* Products */ = {
			isa = PBXGroup;
			children = (
				DEED1B8E15EFA2A6004E33F3 /* Stamp it!.app */,
			);
			name = Products;
			sourceTree = "<group>";
		};
		DEED1B9115EFA2A6004E33F3 /* Frameworks */ = {
			isa = PBXGroup;
			children = (
				DEA4B8B51625809B00E711AF /* AssetsLibrary.framework */,
				DE6B38F916255178009B41DC /* Social.framework */,
				DE71B39E16002B9A00D2FF7A /* MessageUI.framework */,
				DEED1B9215EFA2A6004E33F3 /* UIKit.framework */,
				DEED1B9415EFA2A6004E33F3 /* Foundation.framework */,
				DEED1B9615EFA2A6004E33F3 /* CoreGraphics.framework */,
			);
			name = Frameworks;
			sourceTree = "<group>";
		};
		DEED1B9815EFA2A6004E33F3 /* Stamp It! */ = {
			isa = PBXGroup;
			children = (
				DEA4B8B71625823100E711AF /* StampedImage.h */,
				DEA4B8B81625823100E711AF /* StampedImage.m */,
				DED06305161EBCB000FD976D /* LaunchMenuViewController.h */,
				DED06306161EBCB000FD976D /* LaunchMenuViewController.m */,
				DEF61DF1161F2F0E00582C33 /* EditViewController.h */,
				DEF61DF2161F2F0E00582C33 /* EditViewController.m */,
				DEF61DF4161F415200582C33 /* MyNavigationControllerViewController.h */,
				DEF61DF5161F415200582C33 /* MyNavigationControllerViewController.m */,
				DE4D99761626C18200936EBE /* IOHandler.h */,
				DE4D99771626C18200936EBE /* IOHandler.m */,
			);
			name = "Stamp It!";
			path = TextMyPhoto;
			sourceTree = "<group>";
		};
		DEED1B9915EFA2A6004E33F3 /* Supporting Files */ = {
			isa = PBXGroup;
			children = (
				DEED1BA115EFA2A6004E33F3 /* AppDelegate.h */,
				DEED1BA215EFA2A6004E33F3 /* AppDelegate.m */,
				DEED1B9A15EFA2A6004E33F3 /* Stamp it!-Info.plist */,
				DEED1B9B15EFA2A6004E33F3 /* InfoPlist.strings */,
				DEED1B9E15EFA2A6004E33F3 /* main.m */,
				DEED1BA015EFA2A6004E33F3 /* Stamp it!-Prefix.pch */,
			);
			name = "Supporting Files";
			path = TextMyPhoto;
			sourceTree = "<group>";
		};
		DEF61DEA161F22B100582C33 /* Storyboards */ = {
			isa = PBXGroup;
			children = (
				DEED1BA415EFA2A6004E33F3 /* MainStoryboard_iPhone.storyboard */,
				DEED1BA715EFA2A6004E33F3 /* MainStoryboard_iPad.storyboard */,
			);
			name = Storyboards;
			sourceTree = "<group>";
		};
/* End PBXGroup section */

/* Begin PBXNativeTarget section */
		DEED1B8D15EFA2A6004E33F3 /* Stamp it! */ = {
			isa = PBXNativeTarget;
			buildConfigurationList = DEED1BAF15EFA2A6004E33F3 /* Build configuration list for PBXNativeTarget "Stamp it!" */;
			buildPhases = (
				DEED1B8A15EFA2A6004E33F3 /* Sources */,
				DEED1B8B15EFA2A6004E33F3 /* Frameworks */,
				DEED1B8C15EFA2A6004E33F3 /* Resources */,
			);
			buildRules = (
			);
			dependencies = (
			);
			name = "Stamp it!";
			productName = TextMyPhoto;
			productReference = DEED1B8E15EFA2A6004E33F3 /* Stamp it!.app */;
			productType = "com.apple.product-type.application";
		};
/* End PBXNativeTarget section */

/* Begin PBXProject section */
		DEED1B8515EFA2A6004E33F3 /* Project object */ = {
			isa = PBXProject;
			attributes = {
				LastUpgradeCheck = 0440;
				ORGANIZATIONNAME = "Alexander Faxå";
			};
			buildConfigurationList = DEED1B8815EFA2A6004E33F3 /* Build configuration list for PBXProject "Stamp it!" */;
			compatibilityVersion = "Xcode 3.2";
			developmentRegion = English;
			hasScannedForEncodings = 0;
			knownRegions = (
				en,
			);
			mainGroup = DEED1B8315EFA2A6004E33F3;
			productRefGroup = DEED1B8F15EFA2A6004E33F3 /* Products */;
			projectDirPath = "";
			projectRoot = "";
			targets = (
				DEED1B8D15EFA2A6004E33F3 /* Stamp it! */,
			);
		};
/* End PBXProject section */

/* Begin PBXResourcesBuildPhase section */
		DEED1B8C15EFA2A6004E33F3 /* Resources */ = {
			isa = PBXResourcesBuildPhase;
			buildActionMask = 2147483647;
			files = (
				DEED1B9D15EFA2A6004E33F3 /* InfoPlist.strings in Resources */,
				DEED1BA615EFA2A6004E33F3 /* MainStoryboard_iPhone.storyboard in Resources */,
				DEED1BA915EFA2A6004E33F3 /* MainStoryboard_iPad.storyboard in Resources */,
				DED06304161EB90F00FD976D /* pinboard.png in Resources */,
				DEF61DF0161F267100582C33 /* button_greycolor.png in Resources */,
				DEA4B8B416257BFD00E711AF /* stamp.png in Resources */,
				DE4D99741626B91F00936EBE /* BrightnessWheel.png in Resources */,
				DE4D99751626B91F00936EBE /* ColorWheel.png in Resources */,
			);
			runOnlyForDeploymentPostprocessing = 0;
		};
/* End PBXResourcesBuildPhase section */

/* Begin PBXSourcesBuildPhase section */
		DEED1B8A15EFA2A6004E33F3 /* Sources */ = {
			isa = PBXSourcesBuildPhase;
			buildActionMask = 2147483647;
			files = (
				DEED1B9F15EFA2A6004E33F3 /* main.m in Sources */,
				DEED1BA315EFA2A6004E33F3 /* AppDelegate.m in Sources */,
				DED06307161EBCB000FD976D /* LaunchMenuViewController.m in Sources */,
				DEF61DF3161F2F0E00582C33 /* EditViewController.m in Sources */,
				DEF61DF6161F415200582C33 /* MyNavigationControllerViewController.m in Sources */,
				DEA4B8B91625823100E711AF /* StampedImage.m in Sources */,
				DE4D996B1626B60000936EBE /* MNBrightnessView.m in Sources */,
				DE4D996C1626B60000936EBE /* MNColorPicker.m in Sources */,
				DE4D996D1626B60000936EBE /* MNColorView.m in Sources */,
				DE4D996E1626B60000936EBE /* MNColorWheelView.m in Sources */,
				DE4D996F1626B60000936EBE /* MNMagnifyingView.m in Sources */,
				DE4D99701626B60000936EBE /* MNMobileFunctions.m in Sources */,
				DE4D99711626B60000936EBE /* UIColor+ColorSpaces.m in Sources */,
				DE4D99781626C18200936EBE /* IOHandler.m in Sources */,
			);
			runOnlyForDeploymentPostprocessing = 0;
		};
/* End PBXSourcesBuildPhase section */

/* Begin PBXVariantGroup section */
		DEED1B9B15EFA2A6004E33F3 /* InfoPlist.strings */ = {
			isa = PBXVariantGroup;
			children = (
				DEED1B9C15EFA2A6004E33F3 /* en */,
			);
			name = InfoPlist.strings;
			sourceTree = "<group>";
		};
		DEED1BA415EFA2A6004E33F3 /* MainStoryboard_iPhone.storyboard */ = {
			isa = PBXVariantGroup;
			children = (
				DEED1BA515EFA2A6004E33F3 /* en */,
			);
			name = MainStoryboard_iPhone.storyboard;
			path = TextMyPhoto;
			sourceTree = "<group>";
		};
		DEED1BA715EFA2A6004E33F3 /* MainStoryboard_iPad.storyboard */ = {
			isa = PBXVariantGroup;
			children = (
				DEED1BA815EFA2A6004E33F3 /* en */,
			);
			name = MainStoryboard_iPad.storyboard;
			path = TextMyPhoto;
			sourceTree = "<group>";
		};
/* End PBXVariantGroup section */

/* Begin XCBuildConfiguration section */
		DEED1BAD15EFA2A6004E33F3 /* Debug */ = {
			isa = XCBuildConfiguration;
			buildSettings = {
				ALWAYS_SEARCH_USER_PATHS = NO;
				ARCHS = "$(ARCHS_STANDARD_32_BIT)";
				CLANG_CXX_LANGUAGE_STANDARD = "gnu++0x";
				CLANG_ENABLE_OBJC_ARC = YES;
				CLANG_WARN__DUPLICATE_METHOD_MATCH = YES;
				"CODE_SIGN_IDENTITY[sdk=iphoneos*]" = "iPhone Developer";
				COPY_PHASE_STRIP = NO;
				GCC_C_LANGUAGE_STANDARD = gnu99;
				GCC_DYNAMIC_NO_PIC = NO;
				GCC_OPTIMIZATION_LEVEL = 0;
				GCC_PREPROCESSOR_DEFINITIONS = (
					"DEBUG=1",
					"$(inherited)",
				);
				GCC_SYMBOLS_PRIVATE_EXTERN = NO;
				GCC_VERSION = com.apple.compilers.llvm.clang.1_0;
				GCC_WARN_ABOUT_RETURN_TYPE = YES;
				GCC_WARN_UNINITIALIZED_AUTOS = YES;
				GCC_WARN_UNUSED_VARIABLE = YES;
				IPHONEOS_DEPLOYMENT_TARGET = 5.1;
				SDKROOT = iphoneos;
				TARGETED_DEVICE_FAMILY = "1,2";
			};
			name = Debug;
		};
		DEED1BAE15EFA2A6004E33F3 /* Release */ = {
			isa = XCBuildConfiguration;
			buildSettings = {
				ALWAYS_SEARCH_USER_PATHS = NO;
				ARCHS = "$(ARCHS_STANDARD_32_BIT)";
				CLANG_CXX_LANGUAGE_STANDARD = "gnu++0x";
				CLANG_ENABLE_OBJC_ARC = YES;
				CLANG_WARN__DUPLICATE_METHOD_MATCH = YES;
				"CODE_SIGN_IDENTITY[sdk=iphoneos*]" = "iPhone Developer";
				COPY_PHASE_STRIP = YES;
				GCC_C_LANGUAGE_STANDARD = gnu99;
				GCC_VERSION = com.apple.compilers.llvm.clang.1_0;
				GCC_WARN_ABOUT_RETURN_TYPE = YES;
				GCC_WARN_UNINITIALIZED_AUTOS = YES;
				GCC_WARN_UNUSED_VARIABLE = YES;
				IPHONEOS_DEPLOYMENT_TARGET = 5.1;
				OTHER_CFLAGS = "-DNS_BLOCK_ASSERTIONS=1";
				SDKROOT = iphoneos;
				TARGETED_DEVICE_FAMILY = "1,2";
				VALIDATE_PRODUCT = YES;
			};
			name = Release;
		};
		DEED1BB015EFA2A6004E33F3 /* Debug */ = {
			isa = XCBuildConfiguration;
			buildSettings = {
				GCC_PRECOMPILE_PREFIX_HEADER = YES;
				GCC_PREFIX_HEADER = "TextMyPhoto/Stamp it!-Prefix.pch";
				INFOPLIST_FILE = "TextMyPhoto/Stamp it!-Info.plist";
				IPHONEOS_DEPLOYMENT_TARGET = 6.0;
				PRODUCT_NAME = "Stamp it!";
				TARGETED_DEVICE_FAMILY = 1;
				WRAPPER_EXTENSION = app;
			};
			name = Debug;
		};
		DEED1BB115EFA2A6004E33F3 /* Release */ = {
			isa = XCBuildConfiguration;
			buildSettings = {
				GCC_PRECOMPILE_PREFIX_HEADER = YES;
				GCC_PREFIX_HEADER = "TextMyPhoto/Stamp it!-Prefix.pch";
				INFOPLIST_FILE = "TextMyPhoto/Stamp it!-Info.plist";
				IPHONEOS_DEPLOYMENT_TARGET = 6.0;
				PRODUCT_NAME = "Stamp it!";
				TARGETED_DEVICE_FAMILY = 1;
				WRAPPER_EXTENSION = app;
			};
			name = Release;
		};
/* End XCBuildConfiguration section */

/* Begin XCConfigurationList section */
		DEED1B8815EFA2A6004E33F3 /* Build configuration list for PBXProject "Stamp it!" */ = {
			isa = XCConfigurationList;
			buildConfigurations = (
				DEED1BAD15EFA2A6004E33F3 /* Debug */,
				DEED1BAE15EFA2A6004E33F3 /* Release */,
			);
			defaultConfigurationIsVisible = 0;
			defaultConfigurationName = Release;
		};
		DEED1BAF15EFA2A6004E33F3 /* Build configuration list for PBXNativeTarget "Stamp it!" */ = {
			isa = XCConfigurationList;
			buildConfigurations = (
				DEED1BB015EFA2A6004E33F3 /* Debug */,
				DEED1BB115EFA2A6004E33F3 /* Release */,
			);
			defaultConfigurationIsVisible = 0;
			defaultConfigurationName = Release;
		};
/* End XCConfigurationList section */
	};
	rootObject = DEED1B8515EFA2A6004E33F3 /* Project object */;
}
